PODS:
  - Alamofire (4.9.1)
  - Toast-Swift (5.0.0)

DEPENDENCIES:
  - Alamofire (= 4.9.1)
  - Toast-Swift (= 5.0.0)

SPEC REPOS:
  trunk:
    - Alamofire
    - Toast-Swift

SPEC CHECKSUMS:
  Alamofire: 85e8a02c69d6020a0d734f6054870d7ecb75cf18
  Toast-Swift: 36f4720243c8582c2be243a60a51e193c761f541

PODFILE CHECKSUM: 029472d7914ad5e2bd521e672356b751695e30f6

COCOAPODS: 1.8.4
