PODS:
  - Alamofire (4.9.1)
  - Toast (4.0.0)

DEPENDENCIES:
  - Alamofire (= 4.9.1)
  - Toast (= 4.0.0)

SPEC REPOS:
  trunk:
    - Alamofire
    - Toast

SPEC CHECKSUMS:
  Alamofire: 85e8a02c69d6020a0d734f6054870d7ecb75cf18
  Toast: 91b396c56ee72a5790816f40d3a94dd357abc196

PODFILE CHECKSUM: 420e6599acfe637a7a4d62a71a746b9d786b6cf7

COCOAPODS: 1.8.4
