PODS:
  - GKExtensions (1.0.0)
  - GKNetwork (0.5.4):
    - GKExtensions (~> 1.0.0)
  - GKViper (0.4.6):
    - GKExtensions (~> 1.0.0)
    - GKNetwork (~> 0.5.4)

DEPENDENCIES:
  - GKViper (= 0.4.6)

SPEC REPOS:
  https://github.com/cocoapods/specs.git:
    - GKExtensions
    - GKNetwork
    - GKViper

SPEC CHECKSUMS:
  GKExtensions: 179829256c98f9e23a8101181ebd90ff6c2c463e
  GKNetwork: 5f674b710f80d4f9dfee8c5caf713ced2dabf982
  GKViper: 8d0b91fd8696bd97a862e249356a44a96d34bc20

PODFILE CHECKSUM: e5d3c6fbd7904c1ae8496ca754c2284882541758

COCOAPODS: 1.6.1
