// !$*UTF8*$!
{
	archiveVersion = 1;
	classes = {
	};
	objectVersion = 52;
	objects = {

/* Begin PBXBuildFile section */
		041D31BE2471716500381A2F /* PostUITests.swift in Sources */ = {isa = PBXBuildFile; fileRef = 041D31BD2471716500381A2F /* PostUITests.swift */; };
		042E4348246FE3B200866E29 /* Toast.swift in Sources */ = {isa = PBXBuildFile; fileRef = 042E4347246FE3B200866E29 /* Toast.swift */; };
		042E434A246FE4C900866E29 /* NetworkClient.swift in Sources */ = {isa = PBXBuildFile; fileRef = 042E4349246FE4C900866E29 /* NetworkClient.swift */; };
		042E434C246FECD600866E29 /* NetworkClientRetrier.swift in Sources */ = {isa = PBXBuildFile; fileRef = 042E434B246FECD600866E29 /* NetworkClientRetrier.swift */; };
		042E435024703D8C00866E29 /* PostApiTests.swift in Sources */ = {isa = PBXBuildFile; fileRef = 042E434F24703D8C00866E29 /* PostApiTests.swift */; };
		0476101022CA698000DE4982 /* AppDelegate.swift in Sources */ = {isa = PBXBuildFile; fileRef = 0476100F22CA698000DE4982 /* AppDelegate.swift */; };
		0476101722CA698200DE4982 /* Assets.xcassets in Resources */ = {isa = PBXBuildFile; fileRef = 0476101622CA698200DE4982 /* Assets.xcassets */; };
		0476101A22CA698200DE4982 /* LaunchScreen.storyboard in Resources */ = {isa = PBXBuildFile; fileRef = 0476101822CA698200DE4982 /* LaunchScreen.storyboard */; };
		0476102722CA6A4D00DE4982 /* AppConfiguration.swift in Sources */ = {isa = PBXBuildFile; fileRef = 0476102622CA6A4D00DE4982 /* AppConfiguration.swift */; };
		0476102922CA6C2100DE4982 /* AppDefaults.swift in Sources */ = {isa = PBXBuildFile; fileRef = 0476102822CA6C2100DE4982 /* AppDefaults.swift */; };
		0476102F22CA6C8700DE4982 /* AppAssets.swift in Sources */ = {isa = PBXBuildFile; fileRef = 0476102E22CA6C8700DE4982 /* AppAssets.swift */; };
		0476103122CA6DDC00DE4982 /* AppLocalization.swift in Sources */ = {isa = PBXBuildFile; fileRef = 0476103022CA6DDC00DE4982 /* AppLocalization.swift */; };
		0476103922CA6F7B00DE4982 /* Localizable.strings in Resources */ = {isa = PBXBuildFile; fileRef = 0476103B22CA6F7B00DE4982 /* Localizable.strings */; };
		0476103E22CA702800DE4982 /* AppTheme.swift in Sources */ = {isa = PBXBuildFile; fileRef = 0476103D22CA702800DE4982 /* AppTheme.swift */; };
		0476104722CA727400DE4982 /* PTRootUI.swift in Sources */ = {isa = PBXBuildFile; fileRef = 0476104622CA727400DE4982 /* PTRootUI.swift */; };
		0476104C22CA729500DE4982 /* PT Root UI_Medium.otf in Resources */ = {isa = PBXBuildFile; fileRef = 0476104822CA729500DE4982 /* PT Root UI_Medium.otf */; };
		0476104D22CA729500DE4982 /* PT Root UI_Regular.otf in Resources */ = {isa = PBXBuildFile; fileRef = 0476104922CA729500DE4982 /* PT Root UI_Regular.otf */; };
		0476104E22CA729500DE4982 /* PT Root UI_Light.otf in Resources */ = {isa = PBXBuildFile; fileRef = 0476104A22CA729500DE4982 /* PT Root UI_Light.otf */; };
		0476104F22CA729500DE4982 /* PT Root UI_Bold.otf in Resources */ = {isa = PBXBuildFile; fileRef = 0476104B22CA729500DE4982 /* PT Root UI_Bold.otf */; };
		0476105422CA74D200DE4982 /* StyleWrapper+UIImageView.swift in Sources */ = {isa = PBXBuildFile; fileRef = 0476105022CA74D200DE4982 /* StyleWrapper+UIImageView.swift */; };
		0476105522CA74D200DE4982 /* StyleWrapper+UILabel.swift in Sources */ = {isa = PBXBuildFile; fileRef = 0476105122CA74D200DE4982 /* StyleWrapper+UILabel.swift */; };
		0476105622CA74D200DE4982 /* Stylable.swift in Sources */ = {isa = PBXBuildFile; fileRef = 0476105222CA74D200DE4982 /* Stylable.swift */; };
		0476105722CA74D200DE4982 /* StyleWrapper.swift in Sources */ = {isa = PBXBuildFile; fileRef = 0476105322CA74D200DE4982 /* StyleWrapper.swift */; };
		0476105D22CA75A400DE4982 /* PostResponse.swift in Sources */ = {isa = PBXBuildFile; fileRef = 0476105C22CA75A400DE4982 /* PostResponse.swift */; };
		0476105F22CA75AA00DE4982 /* Post.swift in Sources */ = {isa = PBXBuildFile; fileRef = 0476105E22CA75AA00DE4982 /* Post.swift */; };
		047E86E523E6F53300EE1165 /* Alamofire in Frameworks */ = {isa = PBXBuildFile; productRef = 047E86E423E6F53300EE1165 /* Alamofire */; settings = {ATTRIBUTES = (Required, ); }; };
		047E86E823E6F54D00EE1165 /* Toast in Frameworks */ = {isa = PBXBuildFile; productRef = 047E86E723E6F54D00EE1165 /* Toast */; settings = {ATTRIBUTES = (Required, ); }; };
		04AF69B02452169900F220EB /* PostError.swift in Sources */ = {isa = PBXBuildFile; fileRef = 04AF69AF2452169900F220EB /* PostError.swift */; };
		04B51C9922CA8DF800CE0A0E /* BasicNavigationController.swift in Sources */ = {isa = PBXBuildFile; fileRef = 04B51C9822CA8DF800CE0A0E /* BasicNavigationController.swift */; };
		04B51C9E22CA8E5400CE0A0E /* PostListCell.swift in Sources */ = {isa = PBXBuildFile; fileRef = 04B51C9C22CA8E5400CE0A0E /* PostListCell.swift */; };
		04B51C9F22CA8E5400CE0A0E /* PostListCell.xib in Resources */ = {isa = PBXBuildFile; fileRef = 04B51C9D22CA8E5400CE0A0E /* PostListCell.xib */; };
		04B51CA822CA932B00CE0A0E /* PostListCellModel.swift in Sources */ = {isa = PBXBuildFile; fileRef = 04B51CA722CA932B00CE0A0E /* PostListCellModel.swift */; };
		04CB2158238A94F300907863 /* PostApiRouter.swift in Sources */ = {isa = PBXBuildFile; fileRef = 04CB2157238A94F300907863 /* PostApiRouter.swift */; };
		04CB215C238A952600907863 /* APIConfiguration.swift in Sources */ = {isa = PBXBuildFile; fileRef = 04CB215B238A952600907863 /* APIConfiguration.swift */; };
		04CB215E238A953900907863 /* ContentType.swift in Sources */ = {isa = PBXBuildFile; fileRef = 04CB215D238A953900907863 /* ContentType.swift */; };
		04CB2160238A954100907863 /* HTTPHeaderFields.swift in Sources */ = {isa = PBXBuildFile; fileRef = 04CB215F238A954100907863 /* HTTPHeaderFields.swift */; };
		04CB2174238A9AB900907863 /* PostListViewModel.swift in Sources */ = {isa = PBXBuildFile; fileRef = 04CB216F238A9AB900907863 /* PostListViewModel.swift */; };
		04CB2175238A9AB900907863 /* PostListViewController.swift in Sources */ = {isa = PBXBuildFile; fileRef = 04CB2170238A9AB900907863 /* PostListViewController.swift */; };
		04CB2176238A9AB900907863 /* PostListConfigurator.swift in Sources */ = {isa = PBXBuildFile; fileRef = 04CB2171238A9AB900907863 /* PostListConfigurator.swift */; };
		04CB2177238A9AB900907863 /* PostListRouter.swift in Sources */ = {isa = PBXBuildFile; fileRef = 04CB2172238A9AB900907863 /* PostListRouter.swift */; };
		04CB2178238A9AB900907863 /* PostListViewController.xib in Resources */ = {isa = PBXBuildFile; fileRef = 04CB2173238A9AB900907863 /* PostListViewController.xib */; };
		04CB217C238A9B1A00907863 /* TableCell.swift in Sources */ = {isa = PBXBuildFile; fileRef = 04CB217B238A9B1A00907863 /* TableCell.swift */; };
		04CB217E238A9B2100907863 /* TableCellModel.swift in Sources */ = {isa = PBXBuildFile; fileRef = 04CB217D238A9B2100907863 /* TableCellModel.swift */; };
		04CB2186238A9B7300907863 /* String+className.swift in Sources */ = {isa = PBXBuildFile; fileRef = 04CB2185238A9B7300907863 /* String+className.swift */; };
		04CB218B238A9CEF00907863 /* TableSectionModel.swift in Sources */ = {isa = PBXBuildFile; fileRef = 04CB218A238A9CEF00907863 /* TableSectionModel.swift */; };
		04CB218D238A9D3B00907863 /* UITableView+registerClass.swift in Sources */ = {isa = PBXBuildFile; fileRef = 04CB218C238A9D3B00907863 /* UITableView+registerClass.swift */; };
		04CB2193238A9DE500907863 /* PostViewModel.swift in Sources */ = {isa = PBXBuildFile; fileRef = 04CB218E238A9DE500907863 /* PostViewModel.swift */; };
		04CB2194238A9DE500907863 /* PostViewController.swift in Sources */ = {isa = PBXBuildFile; fileRef = 04CB218F238A9DE500907863 /* PostViewController.swift */; };
		04CB2195238A9DE500907863 /* PostConfigurator.swift in Sources */ = {isa = PBXBuildFile; fileRef = 04CB2190238A9DE500907863 /* PostConfigurator.swift */; };
		04CB2196238A9DE500907863 /* PostRouter.swift in Sources */ = {isa = PBXBuildFile; fileRef = 04CB2191238A9DE500907863 /* PostRouter.swift */; };
		04CB2197238A9DE500907863 /* PostViewController.xib in Resources */ = {isa = PBXBuildFile; fileRef = 04CB2192238A9DE500907863 /* PostViewController.xib */; };
		04CB2199238AA04600907863 /* UIColor+hex.swift in Sources */ = {isa = PBXBuildFile; fileRef = 04CB2198238AA04600907863 /* UIColor+hex.swift */; };
		04CB219B238AA0AF00907863 /* UIViewController+identifier.swift in Sources */ = {isa = PBXBuildFile; fileRef = 04CB219A238AA0AF00907863 /* UIViewController+identifier.swift */; };
		04CB219D238AA1D700907863 /* Localizable.swift in Sources */ = {isa = PBXBuildFile; fileRef = 04CB219C238AA1D700907863 /* Localizable.swift */; };
		04E73C792430BA070005E2F5 /* PostTests.swift in Sources */ = {isa = PBXBuildFile; fileRef = 04E73C782430BA070005E2F5 /* PostTests.swift */; };
/* End PBXBuildFile section */

/* Begin PBXContainerItemProxy section */
		041D31B824716FFD00381A2F /* PBXContainerItemProxy */ = {
			isa = PBXContainerItemProxy;
			containerPortal = 0476100422CA698000DE4982 /* Project object */;
			proxyType = 1;
			remoteGlobalIDString = 0476100B22CA698000DE4982;
			remoteInfo = News;
		};
		04E73C712430B9D30005E2F5 /* PBXContainerItemProxy */ = {
			isa = PBXContainerItemProxy;
			containerPortal = 0476100422CA698000DE4982 /* Project object */;
			proxyType = 1;
			remoteGlobalIDString = 0476100B22CA698000DE4982;
			remoteInfo = News;
		};
/* End PBXContainerItemProxy section */

/* Begin PBXFileReference section */
		041D31B324716FFD00381A2F /* NewsUITests.xctest */ = {isa = PBXFileReference; explicitFileType = wrapper.cfbundle; includeInIndex = 0; path = NewsUITests.xctest; sourceTree = BUILT_PRODUCTS_DIR; };
		041D31B724716FFD00381A2F /* Info.plist */ = {isa = PBXFileReference; lastKnownFileType = text.plist.xml; path = Info.plist; sourceTree = "<group>"; };
		041D31BD2471716500381A2F /* PostUITests.swift */ = {isa = PBXFileReference; lastKnownFileType = sourcecode.swift; path = PostUITests.swift; sourceTree = "<group>"; };
		042E4347246FE3B200866E29 /* Toast.swift */ = {isa = PBXFileReference; fileEncoding = 4; lastKnownFileType = sourcecode.swift; path = Toast.swift; sourceTree = "<group>"; };
		042E4349246FE4C900866E29 /* NetworkClient.swift */ = {isa = PBXFileReference; lastKnownFileType = sourcecode.swift; path = NetworkClient.swift; sourceTree = "<group>"; };
		042E434B246FECD600866E29 /* NetworkClientRetrier.swift */ = {isa = PBXFileReference; lastKnownFileType = sourcecode.swift; path = NetworkClientRetrier.swift; sourceTree = "<group>"; };
		042E434F24703D8C00866E29 /* PostApiTests.swift */ = {isa = PBXFileReference; lastKnownFileType = sourcecode.swift; path = PostApiTests.swift; sourceTree = "<group>"; };
		0476100C22CA698000DE4982 /* News.app */ = {isa = PBXFileReference; explicitFileType = wrapper.application; includeInIndex = 0; path = News.app; sourceTree = BUILT_PRODUCTS_DIR; };
		0476100F22CA698000DE4982 /* AppDelegate.swift */ = {isa = PBXFileReference; lastKnownFileType = sourcecode.swift; path = AppDelegate.swift; sourceTree = "<group>"; };
		0476101622CA698200DE4982 /* Assets.xcassets */ = {isa = PBXFileReference; lastKnownFileType = folder.assetcatalog; path = Assets.xcassets; sourceTree = "<group>"; };
		0476101922CA698200DE4982 /* Base */ = {isa = PBXFileReference; lastKnownFileType = file.storyboard; name = Base; path = Base.lproj/LaunchScreen.storyboard; sourceTree = "<group>"; };
		0476101B22CA698200DE4982 /* Info.plist */ = {isa = PBXFileReference; lastKnownFileType = text.plist.xml; path = Info.plist; sourceTree = "<group>"; };
		0476102622CA6A4D00DE4982 /* AppConfiguration.swift */ = {isa = PBXFileReference; lastKnownFileType = sourcecode.swift; path = AppConfiguration.swift; sourceTree = "<group>"; };
		0476102822CA6C2100DE4982 /* AppDefaults.swift */ = {isa = PBXFileReference; lastKnownFileType = sourcecode.swift; path = AppDefaults.swift; sourceTree = "<group>"; };
		0476102E22CA6C8700DE4982 /* AppAssets.swift */ = {isa = PBXFileReference; lastKnownFileType = sourcecode.swift; path = AppAssets.swift; sourceTree = "<group>"; };
		0476103022CA6DDC00DE4982 /* AppLocalization.swift */ = {isa = PBXFileReference; lastKnownFileType = sourcecode.swift; path = AppLocalization.swift; sourceTree = "<group>"; };
		0476103A22CA6F7B00DE4982 /* en */ = {isa = PBXFileReference; lastKnownFileType = text.plist.strings; name = en; path = en.lproj/Localizable.strings; sourceTree = "<group>"; };
		0476103C22CA6F8100DE4982 /* ru */ = {isa = PBXFileReference; lastKnownFileType = text.plist.strings; name = ru; path = ru.lproj/Localizable.strings; sourceTree = "<group>"; };
		0476103D22CA702800DE4982 /* AppTheme.swift */ = {isa = PBXFileReference; lastKnownFileType = sourcecode.swift; path = AppTheme.swift; sourceTree = "<group>"; };
		0476104622CA727400DE4982 /* PTRootUI.swift */ = {isa = PBXFileReference; lastKnownFileType = sourcecode.swift; path = PTRootUI.swift; sourceTree = "<group>"; };
		0476104822CA729500DE4982 /* PT Root UI_Medium.otf */ = {isa = PBXFileReference; lastKnownFileType = file; path = "PT Root UI_Medium.otf"; sourceTree = "<group>"; };
		0476104922CA729500DE4982 /* PT Root UI_Regular.otf */ = {isa = PBXFileReference; lastKnownFileType = file; path = "PT Root UI_Regular.otf"; sourceTree = "<group>"; };
		0476104A22CA729500DE4982 /* PT Root UI_Light.otf */ = {isa = PBXFileReference; lastKnownFileType = file; path = "PT Root UI_Light.otf"; sourceTree = "<group>"; };
		0476104B22CA729500DE4982 /* PT Root UI_Bold.otf */ = {isa = PBXFileReference; lastKnownFileType = file; path = "PT Root UI_Bold.otf"; sourceTree = "<group>"; };
		0476105022CA74D200DE4982 /* StyleWrapper+UIImageView.swift */ = {isa = PBXFileReference; fileEncoding = 4; lastKnownFileType = sourcecode.swift; path = "StyleWrapper+UIImageView.swift"; sourceTree = "<group>"; };
		0476105122CA74D200DE4982 /* StyleWrapper+UILabel.swift */ = {isa = PBXFileReference; fileEncoding = 4; lastKnownFileType = sourcecode.swift; path = "StyleWrapper+UILabel.swift"; sourceTree = "<group>"; };
		0476105222CA74D200DE4982 /* Stylable.swift */ = {isa = PBXFileReference; fileEncoding = 4; lastKnownFileType = sourcecode.swift; path = Stylable.swift; sourceTree = "<group>"; };
		0476105322CA74D200DE4982 /* StyleWrapper.swift */ = {isa = PBXFileReference; fileEncoding = 4; lastKnownFileType = sourcecode.swift; path = StyleWrapper.swift; sourceTree = "<group>"; };
		0476105C22CA75A400DE4982 /* PostResponse.swift */ = {isa = PBXFileReference; lastKnownFileType = sourcecode.swift; path = PostResponse.swift; sourceTree = "<group>"; };
		0476105E22CA75AA00DE4982 /* Post.swift */ = {isa = PBXFileReference; lastKnownFileType = sourcecode.swift; path = Post.swift; sourceTree = "<group>"; };
		04AF69AF2452169900F220EB /* PostError.swift */ = {isa = PBXFileReference; lastKnownFileType = sourcecode.swift; path = PostError.swift; sourceTree = "<group>"; };
		04B51C9822CA8DF800CE0A0E /* BasicNavigationController.swift */ = {isa = PBXFileReference; lastKnownFileType = sourcecode.swift; path = BasicNavigationController.swift; sourceTree = "<group>"; };
		04B51C9C22CA8E5400CE0A0E /* PostListCell.swift */ = {isa = PBXFileReference; lastKnownFileType = sourcecode.swift; path = PostListCell.swift; sourceTree = "<group>"; };
		04B51C9D22CA8E5400CE0A0E /* PostListCell.xib */ = {isa = PBXFileReference; lastKnownFileType = file.xib; path = PostListCell.xib; sourceTree = "<group>"; };
		04B51CA722CA932B00CE0A0E /* PostListCellModel.swift */ = {isa = PBXFileReference; lastKnownFileType = sourcecode.swift; path = PostListCellModel.swift; sourceTree = "<group>"; };
		04CB2157238A94F300907863 /* PostApiRouter.swift */ = {isa = PBXFileReference; lastKnownFileType = sourcecode.swift; path = PostApiRouter.swift; sourceTree = "<group>"; };
		04CB215B238A952600907863 /* APIConfiguration.swift */ = {isa = PBXFileReference; lastKnownFileType = sourcecode.swift; path = APIConfiguration.swift; sourceTree = "<group>"; };
		04CB215D238A953900907863 /* ContentType.swift */ = {isa = PBXFileReference; lastKnownFileType = sourcecode.swift; path = ContentType.swift; sourceTree = "<group>"; };
		04CB215F238A954100907863 /* HTTPHeaderFields.swift */ = {isa = PBXFileReference; lastKnownFileType = sourcecode.swift; path = HTTPHeaderFields.swift; sourceTree = "<group>"; };
		04CB216F238A9AB900907863 /* PostListViewModel.swift */ = {isa = PBXFileReference; lastKnownFileType = sourcecode.swift; path = PostListViewModel.swift; sourceTree = "<group>"; };
		04CB2170238A9AB900907863 /* PostListViewController.swift */ = {isa = PBXFileReference; lastKnownFileType = sourcecode.swift; path = PostListViewController.swift; sourceTree = "<group>"; };
		04CB2171238A9AB900907863 /* PostListConfigurator.swift */ = {isa = PBXFileReference; lastKnownFileType = sourcecode.swift; path = PostListConfigurator.swift; sourceTree = "<group>"; };
		04CB2172238A9AB900907863 /* PostListRouter.swift */ = {isa = PBXFileReference; lastKnownFileType = sourcecode.swift; path = PostListRouter.swift; sourceTree = "<group>"; };
		04CB2173238A9AB900907863 /* PostListViewController.xib */ = {isa = PBXFileReference; lastKnownFileType = file.xib; path = PostListViewController.xib; sourceTree = "<group>"; };
		04CB217B238A9B1A00907863 /* TableCell.swift */ = {isa = PBXFileReference; lastKnownFileType = sourcecode.swift; path = TableCell.swift; sourceTree = "<group>"; };
		04CB217D238A9B2100907863 /* TableCellModel.swift */ = {isa = PBXFileReference; lastKnownFileType = sourcecode.swift; path = TableCellModel.swift; sourceTree = "<group>"; };
		04CB2185238A9B7300907863 /* String+className.swift */ = {isa = PBXFileReference; lastKnownFileType = sourcecode.swift; path = "String+className.swift"; sourceTree = "<group>"; };
		04CB218A238A9CEF00907863 /* TableSectionModel.swift */ = {isa = PBXFileReference; lastKnownFileType = sourcecode.swift; path = TableSectionModel.swift; sourceTree = "<group>"; };
		04CB218C238A9D3B00907863 /* UITableView+registerClass.swift */ = {isa = PBXFileReference; lastKnownFileType = sourcecode.swift; path = "UITableView+registerClass.swift"; sourceTree = "<group>"; };
		04CB218E238A9DE500907863 /* PostViewModel.swift */ = {isa = PBXFileReference; lastKnownFileType = sourcecode.swift; path = PostViewModel.swift; sourceTree = "<group>"; };
		04CB218F238A9DE500907863 /* PostViewController.swift */ = {isa = PBXFileReference; lastKnownFileType = sourcecode.swift; path = PostViewController.swift; sourceTree = "<group>"; };
		04CB2190238A9DE500907863 /* PostConfigurator.swift */ = {isa = PBXFileReference; lastKnownFileType = sourcecode.swift; path = PostConfigurator.swift; sourceTree = "<group>"; };
		04CB2191238A9DE500907863 /* PostRouter.swift */ = {isa = PBXFileReference; lastKnownFileType = sourcecode.swift; path = PostRouter.swift; sourceTree = "<group>"; };
		04CB2192238A9DE500907863 /* PostViewController.xib */ = {isa = PBXFileReference; lastKnownFileType = file.xib; path = PostViewController.xib; sourceTree = "<group>"; };
		04CB2198238AA04600907863 /* UIColor+hex.swift */ = {isa = PBXFileReference; lastKnownFileType = sourcecode.swift; path = "UIColor+hex.swift"; sourceTree = "<group>"; };
		04CB219A238AA0AF00907863 /* UIViewController+identifier.swift */ = {isa = PBXFileReference; lastKnownFileType = sourcecode.swift; path = "UIViewController+identifier.swift"; sourceTree = "<group>"; };
		04CB219C238AA1D700907863 /* Localizable.swift */ = {isa = PBXFileReference; lastKnownFileType = sourcecode.swift; path = Localizable.swift; sourceTree = "<group>"; };
		04E73C6C2430B9D30005E2F5 /* NewsTests.xctest */ = {isa = PBXFileReference; explicitFileType = wrapper.cfbundle; includeInIndex = 0; path = NewsTests.xctest; sourceTree = BUILT_PRODUCTS_DIR; };
		04E73C702430B9D30005E2F5 /* Info.plist */ = {isa = PBXFileReference; lastKnownFileType = text.plist.xml; path = Info.plist; sourceTree = "<group>"; };
		04E73C782430BA070005E2F5 /* PostTests.swift */ = {isa = PBXFileReference; lastKnownFileType = sourcecode.swift; path = PostTests.swift; sourceTree = "<group>"; };
/* End PBXFileReference section */

/* Begin PBXFrameworksBuildPhase section */
		041D31B024716FFD00381A2F /* Frameworks */ = {
			isa = PBXFrameworksBuildPhase;
			buildActionMask = 2147483647;
			files = (
			);
			runOnlyForDeploymentPostprocessing = 0;
		};
		0476100922CA698000DE4982 /* Frameworks */ = {
			isa = PBXFrameworksBuildPhase;
			buildActionMask = 2147483647;
			files = (
				047E86E823E6F54D00EE1165 /* Toast in Frameworks */,
				047E86E523E6F53300EE1165 /* Alamofire in Frameworks */,
			);
			runOnlyForDeploymentPostprocessing = 0;
		};
		04E73C692430B9D30005E2F5 /* Frameworks */ = {
			isa = PBXFrameworksBuildPhase;
			buildActionMask = 2147483647;
			files = (
			);
			runOnlyForDeploymentPostprocessing = 0;
		};
/* End PBXFrameworksBuildPhase section */

/* Begin PBXGroup section */
		041D31B424716FFD00381A2F /* NewsUITests */ = {
			isa = PBXGroup;
			children = (
				041D31B724716FFD00381A2F /* Info.plist */,
				041D31BD2471716500381A2F /* PostUITests.swift */,
			);
			path = NewsUITests;
			sourceTree = "<group>";
		};
		0476100322CA698000DE4982 = {
			isa = PBXGroup;
			children = (
				0476100E22CA698000DE4982 /* News */,
				04E73C6D2430B9D30005E2F5 /* NewsTests */,
				041D31B424716FFD00381A2F /* NewsUITests */,
				0476100D22CA698000DE4982 /* Products */,
			);
			sourceTree = "<group>";
		};
		0476100D22CA698000DE4982 /* Products */ = {
			isa = PBXGroup;
			children = (
				0476100C22CA698000DE4982 /* News.app */,
				04E73C6C2430B9D30005E2F5 /* NewsTests.xctest */,
				041D31B324716FFD00381A2F /* NewsUITests.xctest */,
			);
			name = Products;
			sourceTree = "<group>";
		};
		0476100E22CA698000DE4982 /* News */ = {
			isa = PBXGroup;
			children = (
				0476102122CA69C900DE4982 /* Application Layer */,
				0476102322CA69D600DE4982 /* Data Layer */,
				04CB2169238A979D00907863 /* Domain Layer */,
				0476102422CA69DE00DE4982 /* Presentation Layer */,
				0476102522CA69E500DE4982 /* Service Layer */,
			);
			path = News;
			sourceTree = "<group>";
		};
		0476102122CA69C900DE4982 /* Application Layer */ = {
			isa = PBXGroup;
			children = (
				0476102622CA6A4D00DE4982 /* AppConfiguration.swift */,
				0476102822CA6C2100DE4982 /* AppDefaults.swift */,
				0476100F22CA698000DE4982 /* AppDelegate.swift */,
				0476101B22CA698200DE4982 /* Info.plist */,
				0476101822CA698200DE4982 /* LaunchScreen.storyboard */,
				0476102A22CA6C4200DE4982 /* Resources */,
			);
			path = "Application Layer";
			sourceTree = "<group>";
		};
		0476102322CA69D600DE4982 /* Data Layer */ = {
			isa = PBXGroup;
			children = (
				04CB2156238A94C200907863 /* Network */,
				0476105822CA751200DE4982 /* News */,
			);
			path = "Data Layer";
			sourceTree = "<group>";
		};
		0476102422CA69DE00DE4982 /* Presentation Layer */ = {
			isa = PBXGroup;
			children = (
				04B51C7822CA8C7A00CE0A0E /* Components */,
				04B51C7722CA8C7600CE0A0E /* Navigation */,
				04B51C7622CA8C6A00CE0A0E /* User Stories */,
			);
			path = "Presentation Layer";
			sourceTree = "<group>";
		};
		0476102522CA69E500DE4982 /* Service Layer */ = {
			isa = PBXGroup;
			children = (
				04CB2161238A96A200907863 /* Network */,
				04CB2179238A9AFE00907863 /* Representable */,
				04CB2187238A9B8D00907863 /* View Helper */,
			);
			path = "Service Layer";
			sourceTree = "<group>";
		};
		0476102A22CA6C4200DE4982 /* Resources */ = {
			isa = PBXGroup;
			children = (
				0476102D22CA6C6100DE4982 /* Assets */,
				0476102C22CA6C5D00DE4982 /* Localization */,
				0476102B22CA6C5900DE4982 /* Style */,
			);
			path = Resources;
			sourceTree = "<group>";
		};
		0476102B22CA6C5900DE4982 /* Style */ = {
			isa = PBXGroup;
			children = (
				0476103D22CA702800DE4982 /* AppTheme.swift */,
				0476104522CA723800DE4982 /* Components */,
				0476104422CA723300DE4982 /* Fonts */,
			);
			path = Style;
			sourceTree = "<group>";
		};
		0476102C22CA6C5D00DE4982 /* Localization */ = {
			isa = PBXGroup;
			children = (
				0476103022CA6DDC00DE4982 /* AppLocalization.swift */,
				04CB219C238AA1D700907863 /* Localizable.swift */,
				0476103B22CA6F7B00DE4982 /* Localizable.strings */,
			);
			path = Localization;
			sourceTree = "<group>";
		};
		0476102D22CA6C6100DE4982 /* Assets */ = {
			isa = PBXGroup;
			children = (
				0476102E22CA6C8700DE4982 /* AppAssets.swift */,
				0476101622CA698200DE4982 /* Assets.xcassets */,
			);
			path = Assets;
			sourceTree = "<group>";
		};
		0476104422CA723300DE4982 /* Fonts */ = {
			isa = PBXGroup;
			children = (
				0476104B22CA729500DE4982 /* PT Root UI_Bold.otf */,
				0476104A22CA729500DE4982 /* PT Root UI_Light.otf */,
				0476104822CA729500DE4982 /* PT Root UI_Medium.otf */,
				0476104922CA729500DE4982 /* PT Root UI_Regular.otf */,
				0476104622CA727400DE4982 /* PTRootUI.swift */,
			);
			path = Fonts;
			sourceTree = "<group>";
		};
		0476104522CA723800DE4982 /* Components */ = {
			isa = PBXGroup;
			children = (
				0476105222CA74D200DE4982 /* Stylable.swift */,
				0476105322CA74D200DE4982 /* StyleWrapper.swift */,
				0476105022CA74D200DE4982 /* StyleWrapper+UIImageView.swift */,
				0476105122CA74D200DE4982 /* StyleWrapper+UILabel.swift */,
			);
			path = Components;
			sourceTree = "<group>";
		};
		0476105822CA751200DE4982 /* News */ = {
			isa = PBXGroup;
			children = (
				0476105B22CA753700DE4982 /* Models */,
			);
			path = News;
			sourceTree = "<group>";
		};
		0476105B22CA753700DE4982 /* Models */ = {
			isa = PBXGroup;
			children = (
				0476105E22CA75AA00DE4982 /* Post.swift */,
				04AF69AF2452169900F220EB /* PostError.swift */,
				0476105C22CA75A400DE4982 /* PostResponse.swift */,
			);
			path = Models;
			sourceTree = "<group>";
		};
		04B51C7622CA8C6A00CE0A0E /* User Stories */ = {
			isa = PBXGroup;
			children = (
				04CB216E238A9A6D00907863 /* Post */,
				04CB216D238A9A6600907863 /* Post List */,
			);
			path = "User Stories";
			sourceTree = "<group>";
		};
		04B51C7722CA8C7600CE0A0E /* Navigation */ = {
			isa = PBXGroup;
			children = (
				04B51C9822CA8DF800CE0A0E /* BasicNavigationController.swift */,
			);
			path = Navigation;
			sourceTree = "<group>";
		};
		04B51C7822CA8C7A00CE0A0E /* Components */ = {
			isa = PBXGroup;
			children = (
				04B51C9A22CA8E1800CE0A0E /* Cells */,
			);
			path = Components;
			sourceTree = "<group>";
		};
		04B51C9A22CA8E1800CE0A0E /* Cells */ = {
			isa = PBXGroup;
			children = (
				04B51C9B22CA8E1A00CE0A0E /* Post List */,
			);
			path = Cells;
			sourceTree = "<group>";
		};
		04B51C9B22CA8E1A00CE0A0E /* Post List */ = {
			isa = PBXGroup;
			children = (
				04B51C9C22CA8E5400CE0A0E /* PostListCell.swift */,
				04B51CA722CA932B00CE0A0E /* PostListCellModel.swift */,
				04B51C9D22CA8E5400CE0A0E /* PostListCell.xib */,
			);
			path = "Post List";
			sourceTree = "<group>";
		};
		04CB2156238A94C200907863 /* Network */ = {
			isa = PBXGroup;
			children = (
				04CB2157238A94F300907863 /* PostApiRouter.swift */,
				04CB2159238A950500907863 /* Constants */,
				04CB215A238A950900907863 /* Protocols */,
			);
			path = Network;
			sourceTree = "<group>";
		};
		04CB2159238A950500907863 /* Constants */ = {
			isa = PBXGroup;
			children = (
				04CB215D238A953900907863 /* ContentType.swift */,
				04CB215F238A954100907863 /* HTTPHeaderFields.swift */,
			);
			path = Constants;
			sourceTree = "<group>";
		};
		04CB215A238A950900907863 /* Protocols */ = {
			isa = PBXGroup;
			children = (
				04CB215B238A952600907863 /* APIConfiguration.swift */,
			);
			path = Protocols;
			sourceTree = "<group>";
		};
		04CB2161238A96A200907863 /* Network */ = {
			isa = PBXGroup;
			children = (
				042E4349246FE4C900866E29 /* NetworkClient.swift */,
				042E434B246FECD600866E29 /* NetworkClientRetrier.swift */,
			);
			path = Network;
			sourceTree = "<group>";
		};
		04CB2169238A979D00907863 /* Domain Layer */ = {
			isa = PBXGroup;
			children = (
				04CB216A238A97A900907863 /* Extensions */,
			);
			path = "Domain Layer";
			sourceTree = "<group>";
		};
		04CB216A238A97A900907863 /* Extensions */ = {
			isa = PBXGroup;
			children = (
				04CB2185238A9B7300907863 /* String+className.swift */,
				04CB2198238AA04600907863 /* UIColor+hex.swift */,
				04CB218C238A9D3B00907863 /* UITableView+registerClass.swift */,
				04CB219A238AA0AF00907863 /* UIViewController+identifier.swift */,
			);
			path = Extensions;
			sourceTree = "<group>";
		};
		04CB216D238A9A6600907863 /* Post List */ = {
			isa = PBXGroup;
			children = (
				04CB2171238A9AB900907863 /* PostListConfigurator.swift */,
				04CB2172238A9AB900907863 /* PostListRouter.swift */,
				04CB2170238A9AB900907863 /* PostListViewController.swift */,
				04CB216F238A9AB900907863 /* PostListViewModel.swift */,
				04CB2173238A9AB900907863 /* PostListViewController.xib */,
			);
			path = "Post List";
			sourceTree = "<group>";
		};
		04CB216E238A9A6D00907863 /* Post */ = {
			isa = PBXGroup;
			children = (
				04CB2190238A9DE500907863 /* PostConfigurator.swift */,
				04CB2191238A9DE500907863 /* PostRouter.swift */,
				04CB218F238A9DE500907863 /* PostViewController.swift */,
				04CB218E238A9DE500907863 /* PostViewModel.swift */,
				04CB2192238A9DE500907863 /* PostViewController.xib */,
			);
			path = Post;
			sourceTree = "<group>";
		};
		04CB2179238A9AFE00907863 /* Representable */ = {
			isa = PBXGroup;
			children = (
				04CB217A238A9B0A00907863 /* Table */,
			);
			path = Representable;
			sourceTree = "<group>";
		};
		04CB217A238A9B0A00907863 /* Table */ = {
			isa = PBXGroup;
			children = (
				04CB217B238A9B1A00907863 /* TableCell.swift */,
				04CB217D238A9B2100907863 /* TableCellModel.swift */,
				04CB218A238A9CEF00907863 /* TableSectionModel.swift */,
			);
			path = Table;
			sourceTree = "<group>";
		};
		04CB2187238A9B8D00907863 /* View Helper */ = {
			isa = PBXGroup;
			children = (
				042E4347246FE3B200866E29 /* Toast.swift */,
			);
			path = "View Helper";
			sourceTree = "<group>";
		};
		04E73C6D2430B9D30005E2F5 /* NewsTests */ = {
			isa = PBXGroup;
			children = (
				04E73C702430B9D30005E2F5 /* Info.plist */,
				042E434F24703D8C00866E29 /* PostApiTests.swift */,
				04E73C782430BA070005E2F5 /* PostTests.swift */,
			);
			path = NewsTests;
			sourceTree = "<group>";
		};
/* End PBXGroup section */

/* Begin PBXNativeTarget section */
		041D31B224716FFD00381A2F /* NewsUITests */ = {
			isa = PBXNativeTarget;
			buildConfigurationList = 041D31BC24716FFD00381A2F /* Build configuration list for PBXNativeTarget "NewsUITests" */;
			buildPhases = (
				041D31AF24716FFD00381A2F /* Sources */,
				041D31B024716FFD00381A2F /* Frameworks */,
				041D31B124716FFD00381A2F /* Resources */,
			);
			buildRules = (
			);
			dependencies = (
				041D31B924716FFD00381A2F /* PBXTargetDependency */,
			);
			name = NewsUITests;
			productName = NewsUITests;
			productReference = 041D31B324716FFD00381A2F /* NewsUITests.xctest */;
			productType = "com.apple.product-type.bundle.ui-testing";
		};
		0476100B22CA698000DE4982 /* News */ = {
			isa = PBXNativeTarget;
			buildConfigurationList = 0476101E22CA698200DE4982 /* Build configuration list for PBXNativeTarget "News" */;
			buildPhases = (
				0476100822CA698000DE4982 /* Sources */,
				0476100922CA698000DE4982 /* Frameworks */,
				0476100A22CA698000DE4982 /* Resources */,
				0488951B22CB660E00108C0B /* ShellScript */,
			);
			buildRules = (
			);
			dependencies = (
			);
			name = News;
			packageProductDependencies = (
				047E86E423E6F53300EE1165 /* Alamofire */,
				047E86E723E6F54D00EE1165 /* Toast */,
			);
			productName = News;
			productReference = 0476100C22CA698000DE4982 /* News.app */;
			productType = "com.apple.product-type.application";
		};
		04E73C6B2430B9D30005E2F5 /* NewsTests */ = {
			isa = PBXNativeTarget;
			buildConfigurationList = 04E73C732430B9D30005E2F5 /* Build configuration list for PBXNativeTarget "NewsTests" */;
			buildPhases = (
				04E73C682430B9D30005E2F5 /* Sources */,
				04E73C692430B9D30005E2F5 /* Frameworks */,
				04E73C6A2430B9D30005E2F5 /* Resources */,
			);
			buildRules = (
			);
			dependencies = (
				04E73C722430B9D30005E2F5 /* PBXTargetDependency */,
			);
			name = NewsTests;
			productName = NewsTests;
			productReference = 04E73C6C2430B9D30005E2F5 /* NewsTests.xctest */;
			productType = "com.apple.product-type.bundle.unit-test";
		};
/* End PBXNativeTarget section */

/* Begin PBXProject section */
		0476100422CA698000DE4982 /* Project object */ = {
			isa = PBXProject;
			attributes = {
				LastSwiftUpdateCheck = 1140;
				LastUpgradeCheck = 1020;
				ORGANIZATIONNAME = "Vladislav Markov";
				TargetAttributes = {
					041D31B224716FFD00381A2F = {
						CreatedOnToolsVersion = 11.4.1;
						TestTargetID = 0476100B22CA698000DE4982;
					};
					0476100B22CA698000DE4982 = {
						CreatedOnToolsVersion = 10.2.1;
					};
					04E73C6B2430B9D30005E2F5 = {
						CreatedOnToolsVersion = 11.4;
						TestTargetID = 0476100B22CA698000DE4982;
					};
				};
			};
			buildConfigurationList = 0476100722CA698000DE4982 /* Build configuration list for PBXProject "News" */;
			compatibilityVersion = "Xcode 9.3";
			developmentRegion = en;
			hasScannedForEncodings = 0;
			knownRegions = (
				en,
				Base,
				ru,
			);
			mainGroup = 0476100322CA698000DE4982;
			packageReferences = (
				047E86E323E6F53300EE1165 /* XCRemoteSwiftPackageReference "Alamofire" */,
				047E86E623E6F54D00EE1165 /* XCRemoteSwiftPackageReference "Toast-Swift" */,
			);
			productRefGroup = 0476100D22CA698000DE4982 /* Products */;
			projectDirPath = "";
			projectRoot = "";
			targets = (
				0476100B22CA698000DE4982 /* News */,
				04E73C6B2430B9D30005E2F5 /* NewsTests */,
				041D31B224716FFD00381A2F /* NewsUITests */,
			);
		};
/* End PBXProject section */

/* Begin PBXResourcesBuildPhase section */
		041D31B124716FFD00381A2F /* Resources */ = {
			isa = PBXResourcesBuildPhase;
			buildActionMask = 2147483647;
			files = (
			);
			runOnlyForDeploymentPostprocessing = 0;
		};
		0476100A22CA698000DE4982 /* Resources */ = {
			isa = PBXResourcesBuildPhase;
			buildActionMask = 2147483647;
			files = (
				0476101A22CA698200DE4982 /* LaunchScreen.storyboard in Resources */,
				0476104D22CA729500DE4982 /* PT Root UI_Regular.otf in Resources */,
				0476104E22CA729500DE4982 /* PT Root UI_Light.otf in Resources */,
				0476103922CA6F7B00DE4982 /* Localizable.strings in Resources */,
				04CB2197238A9DE500907863 /* PostViewController.xib in Resources */,
				0476104C22CA729500DE4982 /* PT Root UI_Medium.otf in Resources */,
				04B51C9F22CA8E5400CE0A0E /* PostListCell.xib in Resources */,
				04CB2178238A9AB900907863 /* PostListViewController.xib in Resources */,
				0476104F22CA729500DE4982 /* PT Root UI_Bold.otf in Resources */,
				0476101722CA698200DE4982 /* Assets.xcassets in Resources */,
			);
			runOnlyForDeploymentPostprocessing = 0;
		};
		04E73C6A2430B9D30005E2F5 /* Resources */ = {
			isa = PBXResourcesBuildPhase;
			buildActionMask = 2147483647;
			files = (
			);
			runOnlyForDeploymentPostprocessing = 0;
		};
/* End PBXResourcesBuildPhase section */

/* Begin PBXShellScriptBuildPhase section */
		0488951B22CB660E00108C0B /* ShellScript */ = {
			isa = PBXShellScriptBuildPhase;
			buildActionMask = 2147483647;
			files = (
			);
			inputFileListPaths = (
			);
			inputPaths = (
			);
			outputFileListPaths = (
			);
			outputPaths = (
			);
			runOnlyForDeploymentPostprocessing = 0;
			shellPath = /bin/sh;
			shellScript = "if which swiftlint >/dev/null; then\nswiftlint\nelse\necho \"warning: SwiftLint not installed, download from https://github.com/realm/SwiftLint\"\nfi\n";
		};
/* End PBXShellScriptBuildPhase section */

/* Begin PBXSourcesBuildPhase section */
		041D31AF24716FFD00381A2F /* Sources */ = {
			isa = PBXSourcesBuildPhase;
			buildActionMask = 2147483647;
			files = (
				041D31BE2471716500381A2F /* PostUITests.swift in Sources */,
			);
			runOnlyForDeploymentPostprocessing = 0;
		};
		0476100822CA698000DE4982 /* Sources */ = {
			isa = PBXSourcesBuildPhase;
			buildActionMask = 2147483647;
			files = (
				0476105522CA74D200DE4982 /* StyleWrapper+UILabel.swift in Sources */,
				0476104722CA727400DE4982 /* PTRootUI.swift in Sources */,
				04CB215C238A952600907863 /* APIConfiguration.swift in Sources */,
				0476103122CA6DDC00DE4982 /* AppLocalization.swift in Sources */,
				04CB217C238A9B1A00907863 /* TableCell.swift in Sources */,
				0476102722CA6A4D00DE4982 /* AppConfiguration.swift in Sources */,
				04CB217E238A9B2100907863 /* TableCellModel.swift in Sources */,
				0476101022CA698000DE4982 /* AppDelegate.swift in Sources */,
				04CB218B238A9CEF00907863 /* TableSectionModel.swift in Sources */,
				04CB2186238A9B7300907863 /* String+className.swift in Sources */,
				04CB2194238A9DE500907863 /* PostViewController.swift in Sources */,
				04CB2158238A94F300907863 /* PostApiRouter.swift in Sources */,
				042E4348246FE3B200866E29 /* Toast.swift in Sources */,
				0476105622CA74D200DE4982 /* Stylable.swift in Sources */,
				04B51CA822CA932B00CE0A0E /* PostListCellModel.swift in Sources */,
				0476102F22CA6C8700DE4982 /* AppAssets.swift in Sources */,
				04CB2199238AA04600907863 /* UIColor+hex.swift in Sources */,
				04CB2174238A9AB900907863 /* PostListViewModel.swift in Sources */,
				04CB2196238A9DE500907863 /* PostRouter.swift in Sources */,
				0476105D22CA75A400DE4982 /* PostResponse.swift in Sources */,
				04CB219D238AA1D700907863 /* Localizable.swift in Sources */,
				04CB219B238AA0AF00907863 /* UIViewController+identifier.swift in Sources */,
				0476103E22CA702800DE4982 /* AppTheme.swift in Sources */,
				04CB218D238A9D3B00907863 /* UITableView+registerClass.swift in Sources */,
				04CB2160238A954100907863 /* HTTPHeaderFields.swift in Sources */,
				04B51C9922CA8DF800CE0A0E /* BasicNavigationController.swift in Sources */,
				04CB2193238A9DE500907863 /* PostViewModel.swift in Sources */,
				04CB2176238A9AB900907863 /* PostListConfigurator.swift in Sources */,
				04CB215E238A953900907863 /* ContentType.swift in Sources */,
				04CB2175238A9AB900907863 /* PostListViewController.swift in Sources */,
				042E434A246FE4C900866E29 /* NetworkClient.swift in Sources */,
				0476105722CA74D200DE4982 /* StyleWrapper.swift in Sources */,
				04CB2177238A9AB900907863 /* PostListRouter.swift in Sources */,
				0476105422CA74D200DE4982 /* StyleWrapper+UIImageView.swift in Sources */,
				04CB2195238A9DE500907863 /* PostConfigurator.swift in Sources */,
				042E434C246FECD600866E29 /* NetworkClientRetrier.swift in Sources */,
				0476105F22CA75AA00DE4982 /* Post.swift in Sources */,
				04B51C9E22CA8E5400CE0A0E /* PostListCell.swift in Sources */,
				04AF69B02452169900F220EB /* PostError.swift in Sources */,
				0476102922CA6C2100DE4982 /* AppDefaults.swift in Sources */,
			);
			runOnlyForDeploymentPostprocessing = 0;
		};
		04E73C682430B9D30005E2F5 /* Sources */ = {
			isa = PBXSourcesBuildPhase;
			buildActionMask = 2147483647;
			files = (
				042E435024703D8C00866E29 /* PostApiTests.swift in Sources */,
				04E73C792430BA070005E2F5 /* PostTests.swift in Sources */,
			);
			runOnlyForDeploymentPostprocessing = 0;
		};
/* End PBXSourcesBuildPhase section */

/* Begin PBXTargetDependency section */
		041D31B924716FFD00381A2F /* PBXTargetDependency */ = {
			isa = PBXTargetDependency;
			target = 0476100B22CA698000DE4982 /* News */;
			targetProxy = 041D31B824716FFD00381A2F /* PBXContainerItemProxy */;
		};
		04E73C722430B9D30005E2F5 /* PBXTargetDependency */ = {
			isa = PBXTargetDependency;
			target = 0476100B22CA698000DE4982 /* News */;
			targetProxy = 04E73C712430B9D30005E2F5 /* PBXContainerItemProxy */;
		};
/* End PBXTargetDependency section */

/* Begin PBXVariantGroup section */
		0476101822CA698200DE4982 /* LaunchScreen.storyboard */ = {
			isa = PBXVariantGroup;
			children = (
				0476101922CA698200DE4982 /* Base */,
			);
			name = LaunchScreen.storyboard;
			sourceTree = "<group>";
		};
		0476103B22CA6F7B00DE4982 /* Localizable.strings */ = {
			isa = PBXVariantGroup;
			children = (
				0476103A22CA6F7B00DE4982 /* en */,
				0476103C22CA6F8100DE4982 /* ru */,
			);
			name = Localizable.strings;
			sourceTree = "<group>";
		};
/* End PBXVariantGroup section */

/* Begin XCBuildConfiguration section */
		041D31BA24716FFD00381A2F /* Debug */ = {
			isa = XCBuildConfiguration;
			buildSettings = {
				CODE_SIGN_STYLE = Automatic;
				DEVELOPMENT_TEAM = TV76LZZGYZ;
				INFOPLIST_FILE = NewsUITests/Info.plist;
				IPHONEOS_DEPLOYMENT_TARGET = 13.4;
				LD_RUNPATH_SEARCH_PATHS = (
					"$(inherited)",
					"@executable_path/Frameworks",
					"@loader_path/Frameworks",
				);
				PRODUCT_BUNDLE_IDENTIFIER = markov.vladislav.NewsUITests;
				PRODUCT_NAME = "$(TARGET_NAME)";
				SWIFT_VERSION = 5.0;
				TARGETED_DEVICE_FAMILY = "1,2";
				TEST_TARGET_NAME = News;
			};
			name = Debug;
		};
		041D31BB24716FFD00381A2F /* Release */ = {
			isa = XCBuildConfiguration;
			buildSettings = {
				CODE_SIGN_STYLE = Automatic;
				DEVELOPMENT_TEAM = TV76LZZGYZ;
				INFOPLIST_FILE = NewsUITests/Info.plist;
				IPHONEOS_DEPLOYMENT_TARGET = 13.4;
				LD_RUNPATH_SEARCH_PATHS = (
					"$(inherited)",
					"@executable_path/Frameworks",
					"@loader_path/Frameworks",
				);
				PRODUCT_BUNDLE_IDENTIFIER = markov.vladislav.NewsUITests;
				PRODUCT_NAME = "$(TARGET_NAME)";
				SWIFT_VERSION = 5.0;
				TARGETED_DEVICE_FAMILY = "1,2";
				TEST_TARGET_NAME = News;
			};
			name = Release;
		};
		0476101C22CA698200DE4982 /* Debug */ = {
			isa = XCBuildConfiguration;
			buildSettings = {
				ALWAYS_SEARCH_USER_PATHS = NO;
				CLANG_ANALYZER_LOCALIZABILITY_NONLOCALIZED = YES;
				CLANG_ANALYZER_NONNULL = YES;
				CLANG_ANALYZER_NUMBER_OBJECT_CONVERSION = YES_AGGRESSIVE;
				CLANG_CXX_LANGUAGE_STANDARD = "gnu++14";
				CLANG_CXX_LIBRARY = "libc++";
				CLANG_ENABLE_MODULES = YES;
				CLANG_ENABLE_OBJC_ARC = YES;
				CLANG_ENABLE_OBJC_WEAK = YES;
				CLANG_WARN_BLOCK_CAPTURE_AUTORELEASING = YES;
				CLANG_WARN_BOOL_CONVERSION = YES;
				CLANG_WARN_COMMA = YES;
				CLANG_WARN_CONSTANT_CONVERSION = YES;
				CLANG_WARN_DEPRECATED_OBJC_IMPLEMENTATIONS = YES;
				CLANG_WARN_DIRECT_OBJC_ISA_USAGE = YES_ERROR;
				CLANG_WARN_DOCUMENTATION_COMMENTS = YES;
				CLANG_WARN_EMPTY_BODY = YES;
				CLANG_WARN_ENUM_CONVERSION = YES;
				CLANG_WARN_INFINITE_RECURSION = YES;
				CLANG_WARN_INT_CONVERSION = YES;
				CLANG_WARN_NON_LITERAL_NULL_CONVERSION = YES;
				CLANG_WARN_OBJC_IMPLICIT_RETAIN_SELF = YES;
				CLANG_WARN_OBJC_LITERAL_CONVERSION = YES;
				CLANG_WARN_OBJC_ROOT_CLASS = YES_ERROR;
				CLANG_WARN_RANGE_LOOP_ANALYSIS = YES;
				CLANG_WARN_STRICT_PROTOTYPES = YES;
				CLANG_WARN_SUSPICIOUS_MOVE = YES;
				CLANG_WARN_UNGUARDED_AVAILABILITY = YES_AGGRESSIVE;
				CLANG_WARN_UNREACHABLE_CODE = YES;
				CLANG_WARN__DUPLICATE_METHOD_MATCH = YES;
				CODE_SIGN_IDENTITY = "iPhone Developer";
				COPY_PHASE_STRIP = NO;
				DEBUG_INFORMATION_FORMAT = dwarf;
				ENABLE_STRICT_OBJC_MSGSEND = YES;
				ENABLE_TESTABILITY = YES;
				GCC_C_LANGUAGE_STANDARD = gnu11;
				GCC_DYNAMIC_NO_PIC = NO;
				GCC_NO_COMMON_BLOCKS = YES;
				GCC_OPTIMIZATION_LEVEL = 0;
				GCC_PREPROCESSOR_DEFINITIONS = (
					"DEBUG=1",
					"$(inherited)",
				);
				GCC_WARN_64_TO_32_BIT_CONVERSION = YES;
				GCC_WARN_ABOUT_RETURN_TYPE = YES_ERROR;
				GCC_WARN_UNDECLARED_SELECTOR = YES;
				GCC_WARN_UNINITIALIZED_AUTOS = YES_AGGRESSIVE;
				GCC_WARN_UNUSED_FUNCTION = YES;
				GCC_WARN_UNUSED_VARIABLE = YES;
				IPHONEOS_DEPLOYMENT_TARGET = 12.2;
				MTL_ENABLE_DEBUG_INFO = INCLUDE_SOURCE;
				MTL_FAST_MATH = YES;
				ONLY_ACTIVE_ARCH = YES;
				SDKROOT = iphoneos;
				SWIFT_ACTIVE_COMPILATION_CONDITIONS = DEBUG;
				SWIFT_OPTIMIZATION_LEVEL = "-Onone";
			};
			name = Debug;
		};
		0476101D22CA698200DE4982 /* Release */ = {
			isa = XCBuildConfiguration;
			buildSettings = {
				ALWAYS_SEARCH_USER_PATHS = NO;
				CLANG_ANALYZER_LOCALIZABILITY_NONLOCALIZED = YES;
				CLANG_ANALYZER_NONNULL = YES;
				CLANG_ANALYZER_NUMBER_OBJECT_CONVERSION = YES_AGGRESSIVE;
				CLANG_CXX_LANGUAGE_STANDARD = "gnu++14";
				CLANG_CXX_LIBRARY = "libc++";
				CLANG_ENABLE_MODULES = YES;
				CLANG_ENABLE_OBJC_ARC = YES;
				CLANG_ENABLE_OBJC_WEAK = YES;
				CLANG_WARN_BLOCK_CAPTURE_AUTORELEASING = YES;
				CLANG_WARN_BOOL_CONVERSION = YES;
				CLANG_WARN_COMMA = YES;
				CLANG_WARN_CONSTANT_CONVERSION = YES;
				CLANG_WARN_DEPRECATED_OBJC_IMPLEMENTATIONS = YES;
				CLANG_WARN_DIRECT_OBJC_ISA_USAGE = YES_ERROR;
				CLANG_WARN_DOCUMENTATION_COMMENTS = YES;
				CLANG_WARN_EMPTY_BODY = YES;
				CLANG_WARN_ENUM_CONVERSION = YES;
				CLANG_WARN_INFINITE_RECURSION = YES;
				CLANG_WARN_INT_CONVERSION = YES;
				CLANG_WARN_NON_LITERAL_NULL_CONVERSION = YES;
				CLANG_WARN_OBJC_IMPLICIT_RETAIN_SELF = YES;
				CLANG_WARN_OBJC_LITERAL_CONVERSION = YES;
				CLANG_WARN_OBJC_ROOT_CLASS = YES_ERROR;
				CLANG_WARN_RANGE_LOOP_ANALYSIS = YES;
				CLANG_WARN_STRICT_PROTOTYPES = YES;
				CLANG_WARN_SUSPICIOUS_MOVE = YES;
				CLANG_WARN_UNGUARDED_AVAILABILITY = YES_AGGRESSIVE;
				CLANG_WARN_UNREACHABLE_CODE = YES;
				CLANG_WARN__DUPLICATE_METHOD_MATCH = YES;
				CODE_SIGN_IDENTITY = "iPhone Developer";
				COPY_PHASE_STRIP = NO;
				DEBUG_INFORMATION_FORMAT = "dwarf-with-dsym";
				ENABLE_NS_ASSERTIONS = NO;
				ENABLE_STRICT_OBJC_MSGSEND = YES;
				GCC_C_LANGUAGE_STANDARD = gnu11;
				GCC_NO_COMMON_BLOCKS = YES;
				GCC_WARN_64_TO_32_BIT_CONVERSION = YES;
				GCC_WARN_ABOUT_RETURN_TYPE = YES_ERROR;
				GCC_WARN_UNDECLARED_SELECTOR = YES;
				GCC_WARN_UNINITIALIZED_AUTOS = YES_AGGRESSIVE;
				GCC_WARN_UNUSED_FUNCTION = YES;
				GCC_WARN_UNUSED_VARIABLE = YES;
				IPHONEOS_DEPLOYMENT_TARGET = 12.2;
				MTL_ENABLE_DEBUG_INFO = NO;
				MTL_FAST_MATH = YES;
				SDKROOT = iphoneos;
				SWIFT_COMPILATION_MODE = wholemodule;
				SWIFT_OPTIMIZATION_LEVEL = "-O";
				VALIDATE_PRODUCT = YES;
			};
			name = Release;
		};
		0476101F22CA698200DE4982 /* Debug */ = {
			isa = XCBuildConfiguration;
			buildSettings = {
				ASSETCATALOG_COMPILER_APPICON_NAME = AppIcon;
				CODE_SIGN_STYLE = Automatic;
				DEVELOPMENT_TEAM = "";
				INFOPLIST_FILE = "News/Application Layer/Info.plist";
				IPHONEOS_DEPLOYMENT_TARGET = 12.0;
				LD_RUNPATH_SEARCH_PATHS = (
					"$(inherited)",
					"@executable_path/Frameworks",
				);
				PRODUCT_BUNDLE_IDENTIFIER = markov.vladislav.News;
				PRODUCT_NAME = "$(TARGET_NAME)";
				SERVER_URL = "https://jsonplaceholder.typicode.com";
				SWIFT_VERSION = 5.0;
				TARGETED_DEVICE_FAMILY = 1;
			};
			name = Debug;
		};
		0476102022CA698200DE4982 /* Release */ = {
			isa = XCBuildConfiguration;
			buildSettings = {
				ASSETCATALOG_COMPILER_APPICON_NAME = AppIcon;
				CODE_SIGN_STYLE = Automatic;
				DEVELOPMENT_TEAM = "";
				INFOPLIST_FILE = "News/Application Layer/Info.plist";
				IPHONEOS_DEPLOYMENT_TARGET = 12.0;
				LD_RUNPATH_SEARCH_PATHS = (
					"$(inherited)",
					"@executable_path/Frameworks",
				);
				PRODUCT_BUNDLE_IDENTIFIER = markov.vladislav.News;
				PRODUCT_NAME = "$(TARGET_NAME)";
				SERVER_URL = "https://jsonplaceholder.typicode.com";
				SWIFT_VERSION = 5.0;
				TARGETED_DEVICE_FAMILY = 1;
			};
			name = Release;
		};
		04E73C742430B9D30005E2F5 /* Debug */ = {
			isa = XCBuildConfiguration;
			buildSettings = {
				BUNDLE_LOADER = "$(TEST_HOST)";
				CODE_SIGN_STYLE = Automatic;
				DEVELOPMENT_TEAM = TV76LZZGYZ;
				INFOPLIST_FILE = NewsTests/Info.plist;
				IPHONEOS_DEPLOYMENT_TARGET = 13.4;
				LD_RUNPATH_SEARCH_PATHS = (
					"$(inherited)",
					"@executable_path/Frameworks",
					"@loader_path/Frameworks",
				);
				PRODUCT_BUNDLE_IDENTIFIER = markov.vladislav.NewsTests;
				PRODUCT_NAME = "$(TARGET_NAME)";
				SWIFT_VERSION = 5.0;
				TARGETED_DEVICE_FAMILY = "1,2";
				TEST_HOST = "$(BUILT_PRODUCTS_DIR)/News.app/News";
			};
			name = Debug;
		};
		04E73C752430B9D30005E2F5 /* Release */ = {
			isa = XCBuildConfiguration;
			buildSettings = {
				BUNDLE_LOADER = "$(TEST_HOST)";
				CODE_SIGN_STYLE = Automatic;
				DEVELOPMENT_TEAM = TV76LZZGYZ;
				INFOPLIST_FILE = NewsTests/Info.plist;
				IPHONEOS_DEPLOYMENT_TARGET = 13.4;
				LD_RUNPATH_SEARCH_PATHS = (
					"$(inherited)",
					"@executable_path/Frameworks",
					"@loader_path/Frameworks",
				);
				PRODUCT_BUNDLE_IDENTIFIER = markov.vladislav.NewsTests;
				PRODUCT_NAME = "$(TARGET_NAME)";
				SWIFT_VERSION = 5.0;
				TARGETED_DEVICE_FAMILY = "1,2";
				TEST_HOST = "$(BUILT_PRODUCTS_DIR)/News.app/News";
			};
			name = Release;
		};
/* End XCBuildConfiguration section */

/* Begin XCConfigurationList section */
		041D31BC24716FFD00381A2F /* Build configuration list for PBXNativeTarget "NewsUITests" */ = {
			isa = XCConfigurationList;
			buildConfigurations = (
				041D31BA24716FFD00381A2F /* Debug */,
				041D31BB24716FFD00381A2F /* Release */,
			);
			defaultConfigurationIsVisible = 0;
			defaultConfigurationName = Release;
		};
		0476100722CA698000DE4982 /* Build configuration list for PBXProject "News" */ = {
			isa = XCConfigurationList;
			buildConfigurations = (
				0476101C22CA698200DE4982 /* Debug */,
				0476101D22CA698200DE4982 /* Release */,
			);
			defaultConfigurationIsVisible = 0;
			defaultConfigurationName = Release;
		};
		0476101E22CA698200DE4982 /* Build configuration list for PBXNativeTarget "News" */ = {
			isa = XCConfigurationList;
			buildConfigurations = (
				0476101F22CA698200DE4982 /* Debug */,
				0476102022CA698200DE4982 /* Release */,
			);
			defaultConfigurationIsVisible = 0;
			defaultConfigurationName = Release;
		};
		04E73C732430B9D30005E2F5 /* Build configuration list for PBXNativeTarget "NewsTests" */ = {
			isa = XCConfigurationList;
			buildConfigurations = (
				04E73C742430B9D30005E2F5 /* Debug */,
				04E73C752430B9D30005E2F5 /* Release */,
			);
			defaultConfigurationIsVisible = 0;
			defaultConfigurationName = Release;
		};
/* End XCConfigurationList section */

/* Begin XCRemoteSwiftPackageReference section */
		047E86E323E6F53300EE1165 /* XCRemoteSwiftPackageReference "Alamofire" */ = {
			isa = XCRemoteSwiftPackageReference;
			repositoryURL = "https://github.com/Alamofire/Alamofire.git";
			requirement = {
				kind = upToNextMajorVersion;
				minimumVersion = 5.0.1;
			};
		};
		047E86E623E6F54D00EE1165 /* XCRemoteSwiftPackageReference "Toast-Swift" */ = {
			isa = XCRemoteSwiftPackageReference;
			repositoryURL = "https://github.com/scalessec/Toast-Swift.git";
			requirement = {
				kind = upToNextMajorVersion;
				minimumVersion = 5.0.1;
			};
		};
/* End XCRemoteSwiftPackageReference section */

/* Begin XCSwiftPackageProductDependency section */
		047E86E423E6F53300EE1165 /* Alamofire */ = {
			isa = XCSwiftPackageProductDependency;
			package = 047E86E323E6F53300EE1165 /* XCRemoteSwiftPackageReference "Alamofire" */;
			productName = Alamofire;
		};
		047E86E723E6F54D00EE1165 /* Toast */ = {
			isa = XCSwiftPackageProductDependency;
			package = 047E86E623E6F54D00EE1165 /* XCRemoteSwiftPackageReference "Toast-Swift" */;
			productName = Toast;
		};
/* End XCSwiftPackageProductDependency section */
	};
	rootObject = 0476100422CA698000DE4982 /* Project object */;
}
