// !$*UTF8*$!
{
	archiveVersion = 1;
	classes = {
	};
	objectVersion = 54;
	objects = {

/* Begin PBXBuildFile section */
		041D31BE2471716500381A2F /* PostUITests.swift in Sources */ = {isa = PBXBuildFile; fileRef = 041D31BD2471716500381A2F /* PostUITests.swift */; };
		042E435024703D8C00866E29 /* PostApiTests.swift in Sources */ = {isa = PBXBuildFile; fileRef = 042E434F24703D8C00866E29 /* PostApiTests.swift */; };
		0446611225EBA1210092B63A /* PostModule.swift in Sources */ = {isa = PBXBuildFile; fileRef = 0446611125EBA1210092B63A /* PostModule.swift */; };
		0446613225EBADC20092B63A /* PostListModule.swift in Sources */ = {isa = PBXBuildFile; fileRef = 0446613125EBADC20092B63A /* PostListModule.swift */; };
		0446615725EBAE9F0092B63A /* PostListDataSource.swift in Sources */ = {isa = PBXBuildFile; fileRef = 0446615625EBAE9F0092B63A /* PostListDataSource.swift */; };
		0476101022CA698000DE4982 /* AppDelegate.swift in Sources */ = {isa = PBXBuildFile; fileRef = 0476100F22CA698000DE4982 /* AppDelegate.swift */; };
		0476101A22CA698200DE4982 /* LaunchScreen.storyboard in Resources */ = {isa = PBXBuildFile; fileRef = 0476101822CA698200DE4982 /* LaunchScreen.storyboard */; };
		0476102722CA6A4D00DE4982 /* AppConfiguration.swift in Sources */ = {isa = PBXBuildFile; fileRef = 0476102622CA6A4D00DE4982 /* AppConfiguration.swift */; };
		0476103122CA6DDC00DE4982 /* AppLocalization.swift in Sources */ = {isa = PBXBuildFile; fileRef = 0476103022CA6DDC00DE4982 /* AppLocalization.swift */; };
		0476103922CA6F7B00DE4982 /* Localizable.strings in Resources */ = {isa = PBXBuildFile; fileRef = 0476103B22CA6F7B00DE4982 /* Localizable.strings */; };
		0476104C22CA729500DE4982 /* PT Root UI_Medium.otf in Resources */ = {isa = PBXBuildFile; fileRef = 0476104822CA729500DE4982 /* PT Root UI_Medium.otf */; };
		0476104D22CA729500DE4982 /* PT Root UI_Regular.otf in Resources */ = {isa = PBXBuildFile; fileRef = 0476104922CA729500DE4982 /* PT Root UI_Regular.otf */; };
		0476104E22CA729500DE4982 /* PT Root UI_Light.otf in Resources */ = {isa = PBXBuildFile; fileRef = 0476104A22CA729500DE4982 /* PT Root UI_Light.otf */; };
		0476104F22CA729500DE4982 /* PT Root UI_Bold.otf in Resources */ = {isa = PBXBuildFile; fileRef = 0476104B22CA729500DE4982 /* PT Root UI_Bold.otf */; };
		04B51C9E22CA8E5400CE0A0E /* PostListCell.swift in Sources */ = {isa = PBXBuildFile; fileRef = 04B51C9C22CA8E5400CE0A0E /* PostListCell.swift */; };
		04CB2158238A94F300907863 /* PostRequestFactory.swift in Sources */ = {isa = PBXBuildFile; fileRef = 04CB2157238A94F300907863 /* PostRequestFactory.swift */; };
		04CB2175238A9AB900907863 /* PostListView.swift in Sources */ = {isa = PBXBuildFile; fileRef = 04CB2170238A9AB900907863 /* PostListView.swift */; };
		04CB2176238A9AB900907863 /* PostListFactory.swift in Sources */ = {isa = PBXBuildFile; fileRef = 04CB2171238A9AB900907863 /* PostListFactory.swift */; };
		04CB2177238A9AB900907863 /* PostListRouter.swift in Sources */ = {isa = PBXBuildFile; fileRef = 04CB2172238A9AB900907863 /* PostListRouter.swift */; };
		04CB2194238A9DE500907863 /* PostView.swift in Sources */ = {isa = PBXBuildFile; fileRef = 04CB218F238A9DE500907863 /* PostView.swift */; };
		04CB2195238A9DE500907863 /* PostFactory.swift in Sources */ = {isa = PBXBuildFile; fileRef = 04CB2190238A9DE500907863 /* PostFactory.swift */; };
		04CB2196238A9DE500907863 /* PostRouter.swift in Sources */ = {isa = PBXBuildFile; fileRef = 04CB2191238A9DE500907863 /* PostRouter.swift */; };
		04CB219D238AA1D700907863 /* Localizable.swift in Sources */ = {isa = PBXBuildFile; fileRef = 04CB219C238AA1D700907863 /* Localizable.swift */; };
		8D143D862A6475EF007C0571 /* PostViewModel.swift in Sources */ = {isa = PBXBuildFile; fileRef = 8D143D852A6475EF007C0571 /* PostViewModel.swift */; };
		8D143D882A647999007C0571 /* PostListViewModel.swift in Sources */ = {isa = PBXBuildFile; fileRef = 8D143D872A647999007C0571 /* PostListViewModel.swift */; };
		E5A0D040281EB96B00DBF05C /* DesignSystem in Frameworks */ = {isa = PBXBuildFile; productRef = E5A0D03F281EB96B00DBF05C /* DesignSystem */; };
		E5A0D042281EB96E00DBF05C /* NetworkLayer in Frameworks */ = {isa = PBXBuildFile; productRef = E5A0D041281EB96E00DBF05C /* NetworkLayer */; };
		E5C2CEF6281F2877005A5356 /* PostResponse.swift in Sources */ = {isa = PBXBuildFile; fileRef = E5C2CEF5281F2877005A5356 /* PostResponse.swift */; };
/* End PBXBuildFile section */

/* Begin PBXContainerItemProxy section */
		041D31B824716FFD00381A2F /* PBXContainerItemProxy */ = {
			isa = PBXContainerItemProxy;
			containerPortal = 0476100422CA698000DE4982 /* Project object */;
			proxyType = 1;
			remoteGlobalIDString = 0476100B22CA698000DE4982;
			remoteInfo = News;
		};
		04E73C712430B9D30005E2F5 /* PBXContainerItemProxy */ = {
			isa = PBXContainerItemProxy;
			containerPortal = 0476100422CA698000DE4982 /* Project object */;
			proxyType = 1;
			remoteGlobalIDString = 0476100B22CA698000DE4982;
			remoteInfo = News;
		};
/* End PBXContainerItemProxy section */

/* Begin PBXFileReference section */
		041D31B324716FFD00381A2F /* NewsUITests.xctest */ = {isa = PBXFileReference; explicitFileType = wrapper.cfbundle; includeInIndex = 0; path = NewsUITests.xctest; sourceTree = BUILT_PRODUCTS_DIR; };
		041D31B724716FFD00381A2F /* Info.plist */ = {isa = PBXFileReference; lastKnownFileType = text.plist.xml; path = Info.plist; sourceTree = "<group>"; };
		041D31BD2471716500381A2F /* PostUITests.swift */ = {isa = PBXFileReference; lastKnownFileType = sourcecode.swift; path = PostUITests.swift; sourceTree = "<group>"; };
		042E434F24703D8C00866E29 /* PostApiTests.swift */ = {isa = PBXFileReference; lastKnownFileType = sourcecode.swift; path = PostApiTests.swift; sourceTree = "<group>"; };
		0446611125EBA1210092B63A /* PostModule.swift */ = {isa = PBXFileReference; lastKnownFileType = sourcecode.swift; path = PostModule.swift; sourceTree = "<group>"; };
		0446613125EBADC20092B63A /* PostListModule.swift */ = {isa = PBXFileReference; lastKnownFileType = sourcecode.swift; path = PostListModule.swift; sourceTree = "<group>"; };
		0446615625EBAE9F0092B63A /* PostListDataSource.swift */ = {isa = PBXFileReference; lastKnownFileType = sourcecode.swift; path = PostListDataSource.swift; sourceTree = "<group>"; };
		0476100C22CA698000DE4982 /* News.app */ = {isa = PBXFileReference; explicitFileType = wrapper.application; includeInIndex = 0; path = News.app; sourceTree = BUILT_PRODUCTS_DIR; };
		0476100F22CA698000DE4982 /* AppDelegate.swift */ = {isa = PBXFileReference; lastKnownFileType = sourcecode.swift; path = AppDelegate.swift; sourceTree = "<group>"; };
		0476101922CA698200DE4982 /* Base */ = {isa = PBXFileReference; lastKnownFileType = file.storyboard; name = Base; path = Base.lproj/LaunchScreen.storyboard; sourceTree = "<group>"; };
		0476101B22CA698200DE4982 /* Info.plist */ = {isa = PBXFileReference; lastKnownFileType = text.plist.xml; path = Info.plist; sourceTree = "<group>"; };
		0476102622CA6A4D00DE4982 /* AppConfiguration.swift */ = {isa = PBXFileReference; lastKnownFileType = sourcecode.swift; path = AppConfiguration.swift; sourceTree = "<group>"; };
		0476103022CA6DDC00DE4982 /* AppLocalization.swift */ = {isa = PBXFileReference; lastKnownFileType = sourcecode.swift; path = AppLocalization.swift; sourceTree = "<group>"; };
		0476103A22CA6F7B00DE4982 /* en */ = {isa = PBXFileReference; lastKnownFileType = text.plist.strings; name = en; path = en.lproj/Localizable.strings; sourceTree = "<group>"; };
		0476103C22CA6F8100DE4982 /* ru */ = {isa = PBXFileReference; lastKnownFileType = text.plist.strings; name = ru; path = ru.lproj/Localizable.strings; sourceTree = "<group>"; };
		0476104822CA729500DE4982 /* PT Root UI_Medium.otf */ = {isa = PBXFileReference; lastKnownFileType = file; path = "PT Root UI_Medium.otf"; sourceTree = "<group>"; };
		0476104922CA729500DE4982 /* PT Root UI_Regular.otf */ = {isa = PBXFileReference; lastKnownFileType = file; path = "PT Root UI_Regular.otf"; sourceTree = "<group>"; };
		0476104A22CA729500DE4982 /* PT Root UI_Light.otf */ = {isa = PBXFileReference; lastKnownFileType = file; path = "PT Root UI_Light.otf"; sourceTree = "<group>"; };
		0476104B22CA729500DE4982 /* PT Root UI_Bold.otf */ = {isa = PBXFileReference; lastKnownFileType = file; path = "PT Root UI_Bold.otf"; sourceTree = "<group>"; };
		04B51C9C22CA8E5400CE0A0E /* PostListCell.swift */ = {isa = PBXFileReference; lastKnownFileType = sourcecode.swift; path = PostListCell.swift; sourceTree = "<group>"; };
		04CB2157238A94F300907863 /* PostRequestFactory.swift */ = {isa = PBXFileReference; lastKnownFileType = sourcecode.swift; path = PostRequestFactory.swift; sourceTree = "<group>"; };
		04CB2170238A9AB900907863 /* PostListView.swift */ = {isa = PBXFileReference; lastKnownFileType = sourcecode.swift; path = PostListView.swift; sourceTree = "<group>"; };
		04CB2171238A9AB900907863 /* PostListFactory.swift */ = {isa = PBXFileReference; lastKnownFileType = sourcecode.swift; path = PostListFactory.swift; sourceTree = "<group>"; };
		04CB2172238A9AB900907863 /* PostListRouter.swift */ = {isa = PBXFileReference; lastKnownFileType = sourcecode.swift; path = PostListRouter.swift; sourceTree = "<group>"; };
		04CB218F238A9DE500907863 /* PostView.swift */ = {isa = PBXFileReference; lastKnownFileType = sourcecode.swift; path = PostView.swift; sourceTree = "<group>"; };
		04CB2190238A9DE500907863 /* PostFactory.swift */ = {isa = PBXFileReference; lastKnownFileType = sourcecode.swift; path = PostFactory.swift; sourceTree = "<group>"; };
		04CB2191238A9DE500907863 /* PostRouter.swift */ = {isa = PBXFileReference; lastKnownFileType = sourcecode.swift; path = PostRouter.swift; sourceTree = "<group>"; };
		04CB219C238AA1D700907863 /* Localizable.swift */ = {isa = PBXFileReference; lastKnownFileType = sourcecode.swift; path = Localizable.swift; sourceTree = "<group>"; };
		04E73C6C2430B9D30005E2F5 /* NewsTests.xctest */ = {isa = PBXFileReference; explicitFileType = wrapper.cfbundle; includeInIndex = 0; path = NewsTests.xctest; sourceTree = BUILT_PRODUCTS_DIR; };
		04E73C702430B9D30005E2F5 /* Info.plist */ = {isa = PBXFileReference; lastKnownFileType = text.plist.xml; path = Info.plist; sourceTree = "<group>"; };
		8D143D852A6475EF007C0571 /* PostViewModel.swift */ = {isa = PBXFileReference; lastKnownFileType = sourcecode.swift; path = PostViewModel.swift; sourceTree = "<group>"; };
		8D143D872A647999007C0571 /* PostListViewModel.swift */ = {isa = PBXFileReference; lastKnownFileType = sourcecode.swift; path = PostListViewModel.swift; sourceTree = "<group>"; };
		E5A0D03D281EB85C00DBF05C /* DesignSystem */ = {isa = PBXFileReference; lastKnownFileType = wrapper; name = DesignSystem; path = LocalPackages/DesignSystem; sourceTree = "<group>"; };
		E5A0D03E281EB86500DBF05C /* NetworkLayer */ = {isa = PBXFileReference; lastKnownFileType = wrapper; name = NetworkLayer; path = LocalPackages/NetworkLayer; sourceTree = "<group>"; };
		E5C2CEF5281F2877005A5356 /* PostResponse.swift */ = {isa = PBXFileReference; lastKnownFileType = sourcecode.swift; path = PostResponse.swift; sourceTree = "<group>"; };
/* End PBXFileReference section */

/* Begin PBXFrameworksBuildPhase section */
		041D31B024716FFD00381A2F /* Frameworks */ = {
			isa = PBXFrameworksBuildPhase;
			buildActionMask = 2147483647;
			files = (
			);
			runOnlyForDeploymentPostprocessing = 0;
		};
		0476100922CA698000DE4982 /* Frameworks */ = {
			isa = PBXFrameworksBuildPhase;
			buildActionMask = 2147483647;
			files = (
				E5A0D042281EB96E00DBF05C /* NetworkLayer in Frameworks */,
				E5A0D040281EB96B00DBF05C /* DesignSystem in Frameworks */,
			);
			runOnlyForDeploymentPostprocessing = 0;
		};
		04E73C692430B9D30005E2F5 /* Frameworks */ = {
			isa = PBXFrameworksBuildPhase;
			buildActionMask = 2147483647;
			files = (
			);
			runOnlyForDeploymentPostprocessing = 0;
		};
/* End PBXFrameworksBuildPhase section */

/* Begin PBXGroup section */
		041D31B424716FFD00381A2F /* NewsUITests */ = {
			isa = PBXGroup;
			children = (
				041D31B724716FFD00381A2F /* Info.plist */,
				041D31BD2471716500381A2F /* PostUITests.swift */,
			);
			path = NewsUITests;
			sourceTree = "<group>";
		};
		0476100322CA698000DE4982 = {
			isa = PBXGroup;
			children = (
				E5A0D03C281EB85C00DBF05C /* Packages */,
				0476100E22CA698000DE4982 /* News */,
				04E73C6D2430B9D30005E2F5 /* NewsTests */,
				041D31B424716FFD00381A2F /* NewsUITests */,
				0476100D22CA698000DE4982 /* Products */,
				E526BF4327F4DBC500AB6151 /* Frameworks */,
			);
			sourceTree = "<group>";
		};
		0476100D22CA698000DE4982 /* Products */ = {
			isa = PBXGroup;
			children = (
				0476100C22CA698000DE4982 /* News.app */,
				04E73C6C2430B9D30005E2F5 /* NewsTests.xctest */,
				041D31B324716FFD00381A2F /* NewsUITests.xctest */,
			);
			name = Products;
			sourceTree = "<group>";
		};
		0476100E22CA698000DE4982 /* News */ = {
			isa = PBXGroup;
			children = (
				0476102122CA69C900DE4982 /* Application Layer */,
				0476102322CA69D600DE4982 /* Data Layer */,
				0476102422CA69DE00DE4982 /* Presentation Layer */,
			);
			path = News;
			sourceTree = "<group>";
		};
		0476102122CA69C900DE4982 /* Application Layer */ = {
			isa = PBXGroup;
			children = (
				0476102622CA6A4D00DE4982 /* AppConfiguration.swift */,
				0476100F22CA698000DE4982 /* AppDelegate.swift */,
				0476101B22CA698200DE4982 /* Info.plist */,
				0476101822CA698200DE4982 /* LaunchScreen.storyboard */,
				0476102A22CA6C4200DE4982 /* Resources */,
			);
			path = "Application Layer";
			sourceTree = "<group>";
		};
		0476102322CA69D600DE4982 /* Data Layer */ = {
			isa = PBXGroup;
			children = (
				04CB2156238A94C200907863 /* Post */,
			);
			path = "Data Layer";
			sourceTree = "<group>";
		};
		0476102422CA69DE00DE4982 /* Presentation Layer */ = {
			isa = PBXGroup;
			children = (
				04B51C7822CA8C7A00CE0A0E /* Components */,
				04B51C7622CA8C6A00CE0A0E /* User Stories */,
			);
			path = "Presentation Layer";
			sourceTree = "<group>";
		};
		0476102A22CA6C4200DE4982 /* Resources */ = {
			isa = PBXGroup;
			children = (
				0476104422CA723300DE4982 /* Font */,
				0476102C22CA6C5D00DE4982 /* Localization */,
			);
			path = Resources;
			sourceTree = "<group>";
		};
		0476102C22CA6C5D00DE4982 /* Localization */ = {
			isa = PBXGroup;
			children = (
				0476103022CA6DDC00DE4982 /* AppLocalization.swift */,
				04CB219C238AA1D700907863 /* Localizable.swift */,
				0476103B22CA6F7B00DE4982 /* Localizable.strings */,
			);
			path = Localization;
			sourceTree = "<group>";
		};
		0476104422CA723300DE4982 /* Font */ = {
			isa = PBXGroup;
			children = (
				0476104B22CA729500DE4982 /* PT Root UI_Bold.otf */,
				0476104A22CA729500DE4982 /* PT Root UI_Light.otf */,
				0476104822CA729500DE4982 /* PT Root UI_Medium.otf */,
				0476104922CA729500DE4982 /* PT Root UI_Regular.otf */,
			);
			path = Font;
			sourceTree = "<group>";
		};
		04B51C7622CA8C6A00CE0A0E /* User Stories */ = {
			isa = PBXGroup;
			children = (
				04CB216E238A9A6D00907863 /* Post */,
				04CB216D238A9A6600907863 /* Post List */,
			);
			path = "User Stories";
			sourceTree = "<group>";
		};
		04B51C7822CA8C7A00CE0A0E /* Components */ = {
			isa = PBXGroup;
			children = (
				04B51C9A22CA8E1800CE0A0E /* Cells */,
			);
			path = Components;
			sourceTree = "<group>";
		};
		04B51C9A22CA8E1800CE0A0E /* Cells */ = {
			isa = PBXGroup;
			children = (
				04B51C9B22CA8E1A00CE0A0E /* Post List */,
			);
			path = Cells;
			sourceTree = "<group>";
		};
		04B51C9B22CA8E1A00CE0A0E /* Post List */ = {
			isa = PBXGroup;
			children = (
				04B51C9C22CA8E5400CE0A0E /* PostListCell.swift */,
			);
			path = "Post List";
			sourceTree = "<group>";
		};
		04CB2156238A94C200907863 /* Post */ = {
			isa = PBXGroup;
			children = (
				E5C2CEF8281F2DB8005A5356 /* Request */,
				E5C2CEF4281F2871005A5356 /* Response */,
			);
			path = Post;
			sourceTree = "<group>";
		};
		04CB216D238A9A6600907863 /* Post List */ = {
			isa = PBXGroup;
			children = (
				0446615625EBAE9F0092B63A /* PostListDataSource.swift */,
				04CB2171238A9AB900907863 /* PostListFactory.swift */,
				0446613125EBADC20092B63A /* PostListModule.swift */,
				04CB2172238A9AB900907863 /* PostListRouter.swift */,
				04CB2170238A9AB900907863 /* PostListView.swift */,
				8D143D872A647999007C0571 /* PostListViewModel.swift */,
			);
			path = "Post List";
			sourceTree = "<group>";
		};
		04CB216E238A9A6D00907863 /* Post */ = {
			isa = PBXGroup;
			children = (
				04CB2190238A9DE500907863 /* PostFactory.swift */,
				0446611125EBA1210092B63A /* PostModule.swift */,
				04CB2191238A9DE500907863 /* PostRouter.swift */,
				04CB218F238A9DE500907863 /* PostView.swift */,
				8D143D852A6475EF007C0571 /* PostViewModel.swift */,
			);
			path = Post;
			sourceTree = "<group>";
		};
		04E73C6D2430B9D30005E2F5 /* NewsTests */ = {
			isa = PBXGroup;
			children = (
				04E73C702430B9D30005E2F5 /* Info.plist */,
				042E434F24703D8C00866E29 /* PostApiTests.swift */,
			);
			path = NewsTests;
			sourceTree = "<group>";
		};
		E526BF4327F4DBC500AB6151 /* Frameworks */ = {
			isa = PBXGroup;
			children = (
			);
			name = Frameworks;
			sourceTree = "<group>";
		};
		E5A0D03C281EB85C00DBF05C /* Packages */ = {
			isa = PBXGroup;
			children = (
				E5A0D03D281EB85C00DBF05C /* DesignSystem */,
				E5A0D03E281EB86500DBF05C /* NetworkLayer */,
			);
			name = Packages;
			sourceTree = "<group>";
		};
		E5C2CEF4281F2871005A5356 /* Response */ = {
			isa = PBXGroup;
			children = (
				E5C2CEF5281F2877005A5356 /* PostResponse.swift */,
			);
			path = Response;
			sourceTree = "<group>";
		};
		E5C2CEF8281F2DB8005A5356 /* Request */ = {
			isa = PBXGroup;
			children = (
				04CB2157238A94F300907863 /* PostRequestFactory.swift */,
			);
			path = Request;
			sourceTree = "<group>";
		};
/* End PBXGroup section */

/* Begin PBXNativeTarget section */
		041D31B224716FFD00381A2F /* NewsUITests */ = {
			isa = PBXNativeTarget;
			buildConfigurationList = 041D31BC24716FFD00381A2F /* Build configuration list for PBXNativeTarget "NewsUITests" */;
			buildPhases = (
				041D31AF24716FFD00381A2F /* Sources */,
				041D31B024716FFD00381A2F /* Frameworks */,
				041D31B124716FFD00381A2F /* Resources */,
			);
			buildRules = (
			);
			dependencies = (
				041D31B924716FFD00381A2F /* PBXTargetDependency */,
			);
			name = NewsUITests;
			productName = NewsUITests;
			productReference = 041D31B324716FFD00381A2F /* NewsUITests.xctest */;
			productType = "com.apple.product-type.bundle.ui-testing";
		};
		0476100B22CA698000DE4982 /* News */ = {
			isa = PBXNativeTarget;
			buildConfigurationList = 0476101E22CA698200DE4982 /* Build configuration list for PBXNativeTarget "News" */;
			buildPhases = (
				0476100822CA698000DE4982 /* Sources */,
				0476100922CA698000DE4982 /* Frameworks */,
				0476100A22CA698000DE4982 /* Resources */,
				0488951B22CB660E00108C0B /* ShellScript */,
			);
			buildRules = (
			);
			dependencies = (
			);
			name = News;
			packageProductDependencies = (
				E5A0D03F281EB96B00DBF05C /* DesignSystem */,
				E5A0D041281EB96E00DBF05C /* NetworkLayer */,
			);
			productName = News;
			productReference = 0476100C22CA698000DE4982 /* News.app */;
			productType = "com.apple.product-type.application";
		};
		04E73C6B2430B9D30005E2F5 /* NewsTests */ = {
			isa = PBXNativeTarget;
			buildConfigurationList = 04E73C732430B9D30005E2F5 /* Build configuration list for PBXNativeTarget "NewsTests" */;
			buildPhases = (
				04E73C682430B9D30005E2F5 /* Sources */,
				04E73C692430B9D30005E2F5 /* Frameworks */,
				04E73C6A2430B9D30005E2F5 /* Resources */,
			);
			buildRules = (
			);
			dependencies = (
				04E73C722430B9D30005E2F5 /* PBXTargetDependency */,
			);
			name = NewsTests;
			productName = NewsTests;
			productReference = 04E73C6C2430B9D30005E2F5 /* NewsTests.xctest */;
			productType = "com.apple.product-type.bundle.unit-test";
		};
/* End PBXNativeTarget section */

/* Begin PBXProject section */
		0476100422CA698000DE4982 /* Project object */ = {
			isa = PBXProject;
			attributes = {
				BuildIndependentTargetsInParallel = YES;
				LastSwiftUpdateCheck = 1140;
				LastUpgradeCheck = 1600;
				ORGANIZATIONNAME = "Vladislav Markov";
				TargetAttributes = {
					041D31B224716FFD00381A2F = {
						CreatedOnToolsVersion = 11.4.1;
						TestTargetID = 0476100B22CA698000DE4982;
					};
					0476100B22CA698000DE4982 = {
						CreatedOnToolsVersion = 10.2.1;
					};
					04E73C6B2430B9D30005E2F5 = {
						CreatedOnToolsVersion = 11.4;
						TestTargetID = 0476100B22CA698000DE4982;
					};
				};
			};
			buildConfigurationList = 0476100722CA698000DE4982 /* Build configuration list for PBXProject "News" */;
			compatibilityVersion = "Xcode 9.3";
			developmentRegion = en;
			hasScannedForEncodings = 0;
			knownRegions = (
				en,
				Base,
				ru,
			);
			mainGroup = 0476100322CA698000DE4982;
			packageReferences = (
			);
			productRefGroup = 0476100D22CA698000DE4982 /* Products */;
			projectDirPath = "";
			projectRoot = "";
			targets = (
				0476100B22CA698000DE4982 /* News */,
				04E73C6B2430B9D30005E2F5 /* NewsTests */,
				041D31B224716FFD00381A2F /* NewsUITests */,
			);
		};
/* End PBXProject section */

/* Begin PBXResourcesBuildPhase section */
		041D31B124716FFD00381A2F /* Resources */ = {
			isa = PBXResourcesBuildPhase;
			buildActionMask = 2147483647;
			files = (
			);
			runOnlyForDeploymentPostprocessing = 0;
		};
		0476100A22CA698000DE4982 /* Resources */ = {
			isa = PBXResourcesBuildPhase;
			buildActionMask = 2147483647;
			files = (
				0476101A22CA698200DE4982 /* LaunchScreen.storyboard in Resources */,
				0476104D22CA729500DE4982 /* PT Root UI_Regular.otf in Resources */,
				0476104E22CA729500DE4982 /* PT Root UI_Light.otf in Resources */,
				0476103922CA6F7B00DE4982 /* Localizable.strings in Resources */,
				0476104C22CA729500DE4982 /* PT Root UI_Medium.otf in Resources */,
				0476104F22CA729500DE4982 /* PT Root UI_Bold.otf in Resources */,
			);
			runOnlyForDeploymentPostprocessing = 0;
		};
		04E73C6A2430B9D30005E2F5 /* Resources */ = {
			isa = PBXResourcesBuildPhase;
			buildActionMask = 2147483647;
			files = (
			);
			runOnlyForDeploymentPostprocessing = 0;
		};
/* End PBXResourcesBuildPhase section */

/* Begin PBXShellScriptBuildPhase section */
		0488951B22CB660E00108C0B /* ShellScript */ = {
			isa = PBXShellScriptBuildPhase;
			alwaysOutOfDate = 1;
			buildActionMask = 2147483647;
			files = (
			);
			inputFileListPaths = (
			);
			inputPaths = (
			);
			outputFileListPaths = (
			);
			outputPaths = (
			);
			runOnlyForDeploymentPostprocessing = 0;
			shellPath = /bin/sh;
			shellScript = "if [[ \"$(uname -m)\" == arm64 ]]; then\n    export PATH=\"/opt/homebrew/bin:$PATH\"\nfi\n\nif which swiftlint > /dev/null; then\n  swiftlint\nelse\n  echo \"warning: SwiftLint not installed, download from https://github.com/realm/SwiftLint\"\nfi\n";
		};
/* End PBXShellScriptBuildPhase section */

/* Begin PBXSourcesBuildPhase section */
		041D31AF24716FFD00381A2F /* Sources */ = {
			isa = PBXSourcesBuildPhase;
			buildActionMask = 2147483647;
			files = (
				041D31BE2471716500381A2F /* PostUITests.swift in Sources */,
			);
			runOnlyForDeploymentPostprocessing = 0;
		};
		0476100822CA698000DE4982 /* Sources */ = {
			isa = PBXSourcesBuildPhase;
			buildActionMask = 2147483647;
			files = (
				0446615725EBAE9F0092B63A /* PostListDataSource.swift in Sources */,
				0476103122CA6DDC00DE4982 /* AppLocalization.swift in Sources */,
				0476102722CA6A4D00DE4982 /* AppConfiguration.swift in Sources */,
				0446611225EBA1210092B63A /* PostModule.swift in Sources */,
				0476101022CA698000DE4982 /* AppDelegate.swift in Sources */,
				04CB2194238A9DE500907863 /* PostView.swift in Sources */,
				8D143D882A647999007C0571 /* PostListViewModel.swift in Sources */,
				04CB2158238A94F300907863 /* PostRequestFactory.swift in Sources */,
				0446613225EBADC20092B63A /* PostListModule.swift in Sources */,
				04CB2196238A9DE500907863 /* PostRouter.swift in Sources */,
				04CB219D238AA1D700907863 /* Localizable.swift in Sources */,
				04CB2176238A9AB900907863 /* PostListFactory.swift in Sources */,
				E5C2CEF6281F2877005A5356 /* PostResponse.swift in Sources */,
				04CB2175238A9AB900907863 /* PostListView.swift in Sources */,
				04CB2177238A9AB900907863 /* PostListRouter.swift in Sources */,
				8D143D862A6475EF007C0571 /* PostViewModel.swift in Sources */,
				04CB2195238A9DE500907863 /* PostFactory.swift in Sources */,
				04B51C9E22CA8E5400CE0A0E /* PostListCell.swift in Sources */,
			);
			runOnlyForDeploymentPostprocessing = 0;
		};
		04E73C682430B9D30005E2F5 /* Sources */ = {
			isa = PBXSourcesBuildPhase;
			buildActionMask = 2147483647;
			files = (
				042E435024703D8C00866E29 /* PostApiTests.swift in Sources */,
			);
			runOnlyForDeploymentPostprocessing = 0;
		};
/* End PBXSourcesBuildPhase section */

/* Begin PBXTargetDependency section */
		041D31B924716FFD00381A2F /* PBXTargetDependency */ = {
			isa = PBXTargetDependency;
			target = 0476100B22CA698000DE4982 /* News */;
			targetProxy = 041D31B824716FFD00381A2F /* PBXContainerItemProxy */;
		};
		04E73C722430B9D30005E2F5 /* PBXTargetDependency */ = {
			isa = PBXTargetDependency;
			target = 0476100B22CA698000DE4982 /* News */;
			targetProxy = 04E73C712430B9D30005E2F5 /* PBXContainerItemProxy */;
		};
/* End PBXTargetDependency section */

/* Begin PBXVariantGroup section */
		0476101822CA698200DE4982 /* LaunchScreen.storyboard */ = {
			isa = PBXVariantGroup;
			children = (
				0476101922CA698200DE4982 /* Base */,
			);
			name = LaunchScreen.storyboard;
			sourceTree = "<group>";
		};
		0476103B22CA6F7B00DE4982 /* Localizable.strings */ = {
			isa = PBXVariantGroup;
			children = (
				0476103A22CA6F7B00DE4982 /* en */,
				0476103C22CA6F8100DE4982 /* ru */,
			);
			name = Localizable.strings;
			sourceTree = "<group>";
		};
/* End PBXVariantGroup section */

/* Begin XCBuildConfiguration section */
		041D31BA24716FFD00381A2F /* Debug */ = {
			isa = XCBuildConfiguration;
			buildSettings = {
				CODE_SIGN_IDENTITY = "Apple Development";
				CODE_SIGN_STYLE = Automatic;
				DEVELOPMENT_TEAM = TV76LZZGYZ;
				INFOPLIST_FILE = NewsUITests/Info.plist;
				IPHONEOS_DEPLOYMENT_TARGET = 17.0;
				LD_RUNPATH_SEARCH_PATHS = (
					"$(inherited)",
					"@executable_path/Frameworks",
					"@loader_path/Frameworks",
				);
				PRODUCT_BUNDLE_IDENTIFIER = markov.vladislav.NewsUITests;
				PRODUCT_NAME = "$(TARGET_NAME)";
				PROVISIONING_PROFILE_SPECIFIER = "";
				SWIFT_VERSION = 5.0;
				TARGETED_DEVICE_FAMILY = "1,2";
				TEST_TARGET_NAME = News;
			};
			name = Debug;
		};
		041D31BB24716FFD00381A2F /* Release */ = {
			isa = XCBuildConfiguration;
			buildSettings = {
				CODE_SIGN_IDENTITY = "Apple Development";
				CODE_SIGN_STYLE = Automatic;
				DEVELOPMENT_TEAM = TV76LZZGYZ;
				INFOPLIST_FILE = NewsUITests/Info.plist;
				IPHONEOS_DEPLOYMENT_TARGET = 17.0;
				LD_RUNPATH_SEARCH_PATHS = (
					"$(inherited)",
					"@executable_path/Frameworks",
					"@loader_path/Frameworks",
				);
				PRODUCT_BUNDLE_IDENTIFIER = markov.vladislav.NewsUITests;
				PRODUCT_NAME = "$(TARGET_NAME)";
				PROVISIONING_PROFILE_SPECIFIER = "";
				SWIFT_VERSION = 5.0;
				TARGETED_DEVICE_FAMILY = "1,2";
				TEST_TARGET_NAME = News;
			};
			name = Release;
		};
		0476101C22CA698200DE4982 /* Debug */ = {
			isa = XCBuildConfiguration;
			buildSettings = {
				ALWAYS_SEARCH_USER_PATHS = NO;
				CLANG_ANALYZER_LOCALIZABILITY_NONLOCALIZED = YES;
				CLANG_ANALYZER_NONNULL = YES;
				CLANG_ANALYZER_NUMBER_OBJECT_CONVERSION = YES_AGGRESSIVE;
				CLANG_CXX_LANGUAGE_STANDARD = "gnu++14";
				CLANG_CXX_LIBRARY = "libc++";
				CLANG_ENABLE_MODULES = YES;
				CLANG_ENABLE_OBJC_ARC = YES;
				CLANG_ENABLE_OBJC_WEAK = YES;
				CLANG_WARN_BLOCK_CAPTURE_AUTORELEASING = YES;
				CLANG_WARN_BOOL_CONVERSION = YES;
				CLANG_WARN_COMMA = YES;
				CLANG_WARN_CONSTANT_CONVERSION = YES;
				CLANG_WARN_DEPRECATED_OBJC_IMPLEMENTATIONS = YES;
				CLANG_WARN_DIRECT_OBJC_ISA_USAGE = YES_ERROR;
				CLANG_WARN_DOCUMENTATION_COMMENTS = YES;
				CLANG_WARN_EMPTY_BODY = YES;
				CLANG_WARN_ENUM_CONVERSION = YES;
				CLANG_WARN_INFINITE_RECURSION = YES;
				CLANG_WARN_INT_CONVERSION = YES;
				CLANG_WARN_NON_LITERAL_NULL_CONVERSION = YES;
				CLANG_WARN_OBJC_IMPLICIT_RETAIN_SELF = YES;
				CLANG_WARN_OBJC_LITERAL_CONVERSION = YES;
				CLANG_WARN_OBJC_ROOT_CLASS = YES_ERROR;
				CLANG_WARN_QUOTED_INCLUDE_IN_FRAMEWORK_HEADER = YES;
				CLANG_WARN_RANGE_LOOP_ANALYSIS = YES;
				CLANG_WARN_STRICT_PROTOTYPES = YES;
				CLANG_WARN_SUSPICIOUS_MOVE = YES;
				CLANG_WARN_UNGUARDED_AVAILABILITY = YES_AGGRESSIVE;
				CLANG_WARN_UNREACHABLE_CODE = YES;
				CLANG_WARN__DUPLICATE_METHOD_MATCH = YES;
				CODE_SIGN_IDENTITY = "iPhone Developer";
				COPY_PHASE_STRIP = NO;
				DEBUG_INFORMATION_FORMAT = dwarf;
				ENABLE_STRICT_OBJC_MSGSEND = YES;
				ENABLE_TESTABILITY = YES;
				ENABLE_USER_SCRIPT_SANDBOXING = NO;
				GCC_C_LANGUAGE_STANDARD = gnu11;
				GCC_DYNAMIC_NO_PIC = NO;
				GCC_NO_COMMON_BLOCKS = YES;
				GCC_OPTIMIZATION_LEVEL = 0;
				GCC_PREPROCESSOR_DEFINITIONS = (
					"DEBUG=1",
					"$(inherited)",
				);
				GCC_WARN_64_TO_32_BIT_CONVERSION = YES;
				GCC_WARN_ABOUT_RETURN_TYPE = YES_ERROR;
				GCC_WARN_UNDECLARED_SELECTOR = YES;
				GCC_WARN_UNINITIALIZED_AUTOS = YES_AGGRESSIVE;
				GCC_WARN_UNUSED_FUNCTION = YES;
				GCC_WARN_UNUSED_VARIABLE = YES;
				IPHONEOS_DEPLOYMENT_TARGET = 17.6;
				MTL_ENABLE_DEBUG_INFO = INCLUDE_SOURCE;
				MTL_FAST_MATH = YES;
				ONLY_ACTIVE_ARCH = YES;
				SDKROOT = iphoneos;
				SWIFT_ACTIVE_COMPILATION_CONDITIONS = DEBUG;
				SWIFT_OPTIMIZATION_LEVEL = "-Onone";
			};
			name = Debug;
		};
		0476101D22CA698200DE4982 /* Release */ = {
			isa = XCBuildConfiguration;
			buildSettings = {
				ALWAYS_SEARCH_USER_PATHS = NO;
				CLANG_ANALYZER_LOCALIZABILITY_NONLOCALIZED = YES;
				CLANG_ANALYZER_NONNULL = YES;
				CLANG_ANALYZER_NUMBER_OBJECT_CONVERSION = YES_AGGRESSIVE;
				CLANG_CXX_LANGUAGE_STANDARD = "gnu++14";
				CLANG_CXX_LIBRARY = "libc++";
				CLANG_ENABLE_MODULES = YES;
				CLANG_ENABLE_OBJC_ARC = YES;
				CLANG_ENABLE_OBJC_WEAK = YES;
				CLANG_WARN_BLOCK_CAPTURE_AUTORELEASING = YES;
				CLANG_WARN_BOOL_CONVERSION = YES;
				CLANG_WARN_COMMA = YES;
				CLANG_WARN_CONSTANT_CONVERSION = YES;
				CLANG_WARN_DEPRECATED_OBJC_IMPLEMENTATIONS = YES;
				CLANG_WARN_DIRECT_OBJC_ISA_USAGE = YES_ERROR;
				CLANG_WARN_DOCUMENTATION_COMMENTS = YES;
				CLANG_WARN_EMPTY_BODY = YES;
				CLANG_WARN_ENUM_CONVERSION = YES;
				CLANG_WARN_INFINITE_RECURSION = YES;
				CLANG_WARN_INT_CONVERSION = YES;
				CLANG_WARN_NON_LITERAL_NULL_CONVERSION = YES;
				CLANG_WARN_OBJC_IMPLICIT_RETAIN_SELF = YES;
				CLANG_WARN_OBJC_LITERAL_CONVERSION = YES;
				CLANG_WARN_OBJC_ROOT_CLASS = YES_ERROR;
				CLANG_WARN_QUOTED_INCLUDE_IN_FRAMEWORK_HEADER = YES;
				CLANG_WARN_RANGE_LOOP_ANALYSIS = YES;
				CLANG_WARN_STRICT_PROTOTYPES = YES;
				CLANG_WARN_SUSPICIOUS_MOVE = YES;
				CLANG_WARN_UNGUARDED_AVAILABILITY = YES_AGGRESSIVE;
				CLANG_WARN_UNREACHABLE_CODE = YES;
				CLANG_WARN__DUPLICATE_METHOD_MATCH = YES;
				CODE_SIGN_IDENTITY = "iPhone Developer";
				COPY_PHASE_STRIP = NO;
				DEBUG_INFORMATION_FORMAT = "dwarf-with-dsym";
				ENABLE_NS_ASSERTIONS = NO;
				ENABLE_STRICT_OBJC_MSGSEND = YES;
				ENABLE_USER_SCRIPT_SANDBOXING = NO;
				GCC_C_LANGUAGE_STANDARD = gnu11;
				GCC_NO_COMMON_BLOCKS = YES;
				GCC_WARN_64_TO_32_BIT_CONVERSION = YES;
				GCC_WARN_ABOUT_RETURN_TYPE = YES_ERROR;
				GCC_WARN_UNDECLARED_SELECTOR = YES;
				GCC_WARN_UNINITIALIZED_AUTOS = YES_AGGRESSIVE;
				GCC_WARN_UNUSED_FUNCTION = YES;
				GCC_WARN_UNUSED_VARIABLE = YES;
				IPHONEOS_DEPLOYMENT_TARGET = 17.6;
				MTL_ENABLE_DEBUG_INFO = NO;
				MTL_FAST_MATH = YES;
				SDKROOT = iphoneos;
				SWIFT_COMPILATION_MODE = wholemodule;
				SWIFT_OPTIMIZATION_LEVEL = "-O";
				VALIDATE_PRODUCT = YES;
			};
			name = Release;
		};
		0476101F22CA698200DE4982 /* Debug */ = {
			isa = XCBuildConfiguration;
			buildSettings = {
				ASSETCATALOG_COMPILER_APPICON_NAME = AppIcon;
				CODE_SIGN_IDENTITY = "Apple Development";
				CODE_SIGN_STYLE = Automatic;
				DEVELOPMENT_TEAM = TV76LZZGYZ;
				ENABLE_USER_SCRIPT_SANDBOXING = NO;
				INFOPLIST_FILE = "News/Application Layer/Info.plist";
				IPHONEOS_DEPLOYMENT_TARGET = 17.0;
				LD_RUNPATH_SEARCH_PATHS = (
					"$(inherited)",
					"@executable_path/Frameworks",
				);
				PRODUCT_BUNDLE_IDENTIFIER = markov.vladislav.News;
				PRODUCT_NAME = "$(TARGET_NAME)";
				PROVISIONING_PROFILE_SPECIFIER = "";
				SERVER_URL = "https://jsonplaceholder.typicode.com";
				SWIFT_VERSION = 5.0;
				TARGETED_DEVICE_FAMILY = 1;
			};
			name = Debug;
		};
		0476102022CA698200DE4982 /* Release */ = {
			isa = XCBuildConfiguration;
			buildSettings = {
				ASSETCATALOG_COMPILER_APPICON_NAME = AppIcon;
				CODE_SIGN_IDENTITY = "Apple Development";
				CODE_SIGN_STYLE = Automatic;
				DEVELOPMENT_TEAM = TV76LZZGYZ;
				ENABLE_USER_SCRIPT_SANDBOXING = NO;
				INFOPLIST_FILE = "News/Application Layer/Info.plist";
				IPHONEOS_DEPLOYMENT_TARGET = 17.0;
				LD_RUNPATH_SEARCH_PATHS = (
					"$(inherited)",
					"@executable_path/Frameworks",
				);
				PRODUCT_BUNDLE_IDENTIFIER = markov.vladislav.News;
				PRODUCT_NAME = "$(TARGET_NAME)";
				PROVISIONING_PROFILE_SPECIFIER = "";
				SERVER_URL = "https://jsonplaceholder.typicode.com";
				SWIFT_VERSION = 5.0;
				TARGETED_DEVICE_FAMILY = 1;
			};
			name = Release;
		};
		04E73C742430B9D30005E2F5 /* Debug */ = {
			isa = XCBuildConfiguration;
			buildSettings = {
				BUNDLE_LOADER = "$(TEST_HOST)";
				CODE_SIGN_IDENTITY = "Apple Development";
				CODE_SIGN_STYLE = Automatic;
				DEVELOPMENT_TEAM = TV76LZZGYZ;
				INFOPLIST_FILE = NewsTests/Info.plist;
				IPHONEOS_DEPLOYMENT_TARGET = 17.0;
				LD_RUNPATH_SEARCH_PATHS = (
					"$(inherited)",
					"@executable_path/Frameworks",
					"@loader_path/Frameworks",
				);
				PRODUCT_BUNDLE_IDENTIFIER = markov.vladislav.NewsTests;
				PRODUCT_NAME = "$(TARGET_NAME)";
				PROVISIONING_PROFILE_SPECIFIER = "";
				SWIFT_VERSION = 5.0;
				TARGETED_DEVICE_FAMILY = "1,2";
				TEST_HOST = "$(BUILT_PRODUCTS_DIR)/News.app/News";
			};
			name = Debug;
		};
		04E73C752430B9D30005E2F5 /* Release */ = {
			isa = XCBuildConfiguration;
			buildSettings = {
				BUNDLE_LOADER = "$(TEST_HOST)";
				CODE_SIGN_IDENTITY = "Apple Development";
				CODE_SIGN_STYLE = Automatic;
				DEVELOPMENT_TEAM = TV76LZZGYZ;
				INFOPLIST_FILE = NewsTests/Info.plist;
				IPHONEOS_DEPLOYMENT_TARGET = 17.0;
				LD_RUNPATH_SEARCH_PATHS = (
					"$(inherited)",
					"@executable_path/Frameworks",
					"@loader_path/Frameworks",
				);
				PRODUCT_BUNDLE_IDENTIFIER = markov.vladislav.NewsTests;
				PRODUCT_NAME = "$(TARGET_NAME)";
				PROVISIONING_PROFILE_SPECIFIER = "";
				SWIFT_VERSION = 5.0;
				TARGETED_DEVICE_FAMILY = "1,2";
				TEST_HOST = "$(BUILT_PRODUCTS_DIR)/News.app/News";
			};
			name = Release;
		};
/* End XCBuildConfiguration section */

/* Begin XCConfigurationList section */
		041D31BC24716FFD00381A2F /* Build configuration list for PBXNativeTarget "NewsUITests" */ = {
			isa = XCConfigurationList;
			buildConfigurations = (
				041D31BA24716FFD00381A2F /* Debug */,
				041D31BB24716FFD00381A2F /* Release */,
			);
			defaultConfigurationIsVisible = 0;
			defaultConfigurationName = Release;
		};
		0476100722CA698000DE4982 /* Build configuration list for PBXProject "News" */ = {
			isa = XCConfigurationList;
			buildConfigurations = (
				0476101C22CA698200DE4982 /* Debug */,
				0476101D22CA698200DE4982 /* Release */,
			);
			defaultConfigurationIsVisible = 0;
			defaultConfigurationName = Release;
		};
		0476101E22CA698200DE4982 /* Build configuration list for PBXNativeTarget "News" */ = {
			isa = XCConfigurationList;
			buildConfigurations = (
				0476101F22CA698200DE4982 /* Debug */,
				0476102022CA698200DE4982 /* Release */,
			);
			defaultConfigurationIsVisible = 0;
			defaultConfigurationName = Release;
		};
		04E73C732430B9D30005E2F5 /* Build configuration list for PBXNativeTarget "NewsTests" */ = {
			isa = XCConfigurationList;
			buildConfigurations = (
				04E73C742430B9D30005E2F5 /* Debug */,
				04E73C752430B9D30005E2F5 /* Release */,
			);
			defaultConfigurationIsVisible = 0;
			defaultConfigurationName = Release;
		};
/* End XCConfigurationList section */

/* Begin XCSwiftPackageProductDependency section */
		E5A0D03F281EB96B00DBF05C /* DesignSystem */ = {
			isa = XCSwiftPackageProductDependency;
			productName = DesignSystem;
		};
		E5A0D041281EB96E00DBF05C /* NetworkLayer */ = {
			isa = XCSwiftPackageProductDependency;
			productName = NetworkLayer;
		};
/* End XCSwiftPackageProductDependency section */
	};
	rootObject = 0476100422CA698000DE4982 /* Project object */;
}
