// !$*UTF8*$!
{
	archiveVersion = 1;
	classes = {
	};
	objectVersion = 50;
	objects = {

/* Begin PBXBuildFile section */
		0476101022CA698000DE4982 /* AppDelegate.swift in Sources */ = {isa = PBXBuildFile; fileRef = 0476100F22CA698000DE4982 /* AppDelegate.swift */; };
		0476101722CA698200DE4982 /* Assets.xcassets in Resources */ = {isa = PBXBuildFile; fileRef = 0476101622CA698200DE4982 /* Assets.xcassets */; };
		0476101A22CA698200DE4982 /* LaunchScreen.storyboard in Resources */ = {isa = PBXBuildFile; fileRef = 0476101822CA698200DE4982 /* LaunchScreen.storyboard */; };
		0476102722CA6A4D00DE4982 /* AppConfiguration.swift in Sources */ = {isa = PBXBuildFile; fileRef = 0476102622CA6A4D00DE4982 /* AppConfiguration.swift */; };
		0476102922CA6C2100DE4982 /* AppDefaults.swift in Sources */ = {isa = PBXBuildFile; fileRef = 0476102822CA6C2100DE4982 /* AppDefaults.swift */; };
		0476102F22CA6C8700DE4982 /* AppAssets.swift in Sources */ = {isa = PBXBuildFile; fileRef = 0476102E22CA6C8700DE4982 /* AppAssets.swift */; };
		0476103122CA6DDC00DE4982 /* AppLocalization.swift in Sources */ = {isa = PBXBuildFile; fileRef = 0476103022CA6DDC00DE4982 /* AppLocalization.swift */; };
		0476103322CA6E2600DE4982 /* Localizable.swift in Sources */ = {isa = PBXBuildFile; fileRef = 0476103222CA6E2600DE4982 /* Localizable.swift */; };
		0476103522CA6E4700DE4982 /* AppLocalizationManager.swift in Sources */ = {isa = PBXBuildFile; fileRef = 0476103422CA6E4700DE4982 /* AppLocalizationManager.swift */; };
		0476103922CA6F7B00DE4982 /* Localizable.strings in Resources */ = {isa = PBXBuildFile; fileRef = 0476103B22CA6F7B00DE4982 /* Localizable.strings */; };
/* End PBXBuildFile section */

/* Begin PBXFileReference section */
		0476100C22CA698000DE4982 /* News.app */ = {isa = PBXFileReference; explicitFileType = wrapper.application; includeInIndex = 0; path = News.app; sourceTree = BUILT_PRODUCTS_DIR; };
		0476100F22CA698000DE4982 /* AppDelegate.swift */ = {isa = PBXFileReference; lastKnownFileType = sourcecode.swift; path = AppDelegate.swift; sourceTree = "<group>"; };
		0476101622CA698200DE4982 /* Assets.xcassets */ = {isa = PBXFileReference; lastKnownFileType = folder.assetcatalog; path = Assets.xcassets; sourceTree = "<group>"; };
		0476101922CA698200DE4982 /* Base */ = {isa = PBXFileReference; lastKnownFileType = file.storyboard; name = Base; path = Base.lproj/LaunchScreen.storyboard; sourceTree = "<group>"; };
		0476101B22CA698200DE4982 /* Info.plist */ = {isa = PBXFileReference; lastKnownFileType = text.plist.xml; path = Info.plist; sourceTree = "<group>"; };
		0476102622CA6A4D00DE4982 /* AppConfiguration.swift */ = {isa = PBXFileReference; lastKnownFileType = sourcecode.swift; path = AppConfiguration.swift; sourceTree = "<group>"; };
		0476102822CA6C2100DE4982 /* AppDefaults.swift */ = {isa = PBXFileReference; lastKnownFileType = sourcecode.swift; path = AppDefaults.swift; sourceTree = "<group>"; };
		0476102E22CA6C8700DE4982 /* AppAssets.swift */ = {isa = PBXFileReference; lastKnownFileType = sourcecode.swift; path = AppAssets.swift; sourceTree = "<group>"; };
		0476103022CA6DDC00DE4982 /* AppLocalization.swift */ = {isa = PBXFileReference; lastKnownFileType = sourcecode.swift; path = AppLocalization.swift; sourceTree = "<group>"; };
		0476103222CA6E2600DE4982 /* Localizable.swift */ = {isa = PBXFileReference; lastKnownFileType = sourcecode.swift; path = Localizable.swift; sourceTree = "<group>"; };
		0476103422CA6E4700DE4982 /* AppLocalizationManager.swift */ = {isa = PBXFileReference; lastKnownFileType = sourcecode.swift; path = AppLocalizationManager.swift; sourceTree = "<group>"; };
		0476103622CA6F0B00DE4982 /* ru */ = {isa = PBXFileReference; lastKnownFileType = text.plist.strings; name = ru; path = ru.lproj/LaunchScreen.strings; sourceTree = "<group>"; };
		0476103A22CA6F7B00DE4982 /* en */ = {isa = PBXFileReference; lastKnownFileType = text.plist.strings; name = en; path = en.lproj/Localizable.strings; sourceTree = "<group>"; };
		0476103C22CA6F8100DE4982 /* ru */ = {isa = PBXFileReference; lastKnownFileType = text.plist.strings; name = ru; path = ru.lproj/Localizable.strings; sourceTree = "<group>"; };
/* End PBXFileReference section */

/* Begin PBXFrameworksBuildPhase section */
		0476100922CA698000DE4982 /* Frameworks */ = {
			isa = PBXFrameworksBuildPhase;
			buildActionMask = 2147483647;
			files = (
			);
			runOnlyForDeploymentPostprocessing = 0;
		};
/* End PBXFrameworksBuildPhase section */

/* Begin PBXGroup section */
		0476100322CA698000DE4982 = {
			isa = PBXGroup;
			children = (
				0476100E22CA698000DE4982 /* News */,
				0476100D22CA698000DE4982 /* Products */,
			);
			sourceTree = "<group>";
		};
		0476100D22CA698000DE4982 /* Products */ = {
			isa = PBXGroup;
			children = (
				0476100C22CA698000DE4982 /* News.app */,
			);
			name = Products;
			sourceTree = "<group>";
		};
		0476100E22CA698000DE4982 /* News */ = {
			isa = PBXGroup;
			children = (
				0476102122CA69C900DE4982 /* Application Layer */,
				0476102322CA69D600DE4982 /* Data Layer */,
				0476102422CA69DE00DE4982 /* Presentation Layer */,
				0476102522CA69E500DE4982 /* Service Layer */,
			);
			path = News;
			sourceTree = "<group>";
		};
		0476102122CA69C900DE4982 /* Application Layer */ = {
			isa = PBXGroup;
			children = (
				0476102622CA6A4D00DE4982 /* AppConfiguration.swift */,
				0476102822CA6C2100DE4982 /* AppDefaults.swift */,
				0476100F22CA698000DE4982 /* AppDelegate.swift */,
				0476101B22CA698200DE4982 /* Info.plist */,
				0476101822CA698200DE4982 /* LaunchScreen.storyboard */,
				0476102A22CA6C4200DE4982 /* Resources */,
			);
			path = "Application Layer";
			sourceTree = "<group>";
		};
		0476102322CA69D600DE4982 /* Data Layer */ = {
			isa = PBXGroup;
			children = (
			);
			path = "Data Layer";
			sourceTree = "<group>";
		};
		0476102422CA69DE00DE4982 /* Presentation Layer */ = {
			isa = PBXGroup;
			children = (
			);
			path = "Presentation Layer";
			sourceTree = "<group>";
		};
		0476102522CA69E500DE4982 /* Service Layer */ = {
			isa = PBXGroup;
			children = (
			);
			path = "Service Layer";
			sourceTree = "<group>";
		};
		0476102A22CA6C4200DE4982 /* Resources */ = {
			isa = PBXGroup;
			children = (
				0476102D22CA6C6100DE4982 /* Assets */,
				0476102C22CA6C5D00DE4982 /* Localization */,
				0476102B22CA6C5900DE4982 /* Style */,
			);
			path = Resources;
			sourceTree = "<group>";
		};
		0476102B22CA6C5900DE4982 /* Style */ = {
			isa = PBXGroup;
			children = (
			);
			path = Style;
			sourceTree = "<group>";
		};
		0476102C22CA6C5D00DE4982 /* Localization */ = {
			isa = PBXGroup;
			children = (
				0476103022CA6DDC00DE4982 /* AppLocalization.swift */,
				0476103422CA6E4700DE4982 /* AppLocalizationManager.swift */,
				0476103B22CA6F7B00DE4982 /* Localizable.strings */,
				0476103222CA6E2600DE4982 /* Localizable.swift */,
			);
			path = Localization;
			sourceTree = "<group>";
		};
		0476102D22CA6C6100DE4982 /* Assets */ = {
			isa = PBXGroup;
			children = (
				0476102E22CA6C8700DE4982 /* AppAssets.swift */,
				0476101622CA698200DE4982 /* Assets.xcassets */,
			);
			path = Assets;
			sourceTree = "<group>";
		};
/* End PBXGroup section */

/* Begin PBXNativeTarget section */
		0476100B22CA698000DE4982 /* News */ = {
			isa = PBXNativeTarget;
			buildConfigurationList = 0476101E22CA698200DE4982 /* Build configuration list for PBXNativeTarget "News" */;
			buildPhases = (
				0476100822CA698000DE4982 /* Sources */,
				0476100922CA698000DE4982 /* Frameworks */,
				0476100A22CA698000DE4982 /* Resources */,
			);
			buildRules = (
			);
			dependencies = (
			);
			name = News;
			productName = News;
			productReference = 0476100C22CA698000DE4982 /* News.app */;
			productType = "com.apple.product-type.application";
		};
/* End PBXNativeTarget section */

/* Begin PBXProject section */
		0476100422CA698000DE4982 /* Project object */ = {
			isa = PBXProject;
			attributes = {
				LastSwiftUpdateCheck = 1020;
				LastUpgradeCheck = 1020;
				ORGANIZATIONNAME = "Vladislav Markov";
				TargetAttributes = {
					0476100B22CA698000DE4982 = {
						CreatedOnToolsVersion = 10.2.1;
					};
				};
			};
			buildConfigurationList = 0476100722CA698000DE4982 /* Build configuration list for PBXProject "News" */;
			compatibilityVersion = "Xcode 9.3";
			developmentRegion = en;
			hasScannedForEncodings = 0;
			knownRegions = (
				en,
				Base,
				ru,
			);
			mainGroup = 0476100322CA698000DE4982;
			productRefGroup = 0476100D22CA698000DE4982 /* Products */;
			projectDirPath = "";
			projectRoot = "";
			targets = (
				0476100B22CA698000DE4982 /* News */,
			);
		};
/* End PBXProject section */

/* Begin PBXResourcesBuildPhase section */
		0476100A22CA698000DE4982 /* Resources */ = {
			isa = PBXResourcesBuildPhase;
			buildActionMask = 2147483647;
			files = (
				0476101A22CA698200DE4982 /* LaunchScreen.storyboard in Resources */,
				0476103922CA6F7B00DE4982 /* Localizable.strings in Resources */,
				0476101722CA698200DE4982 /* Assets.xcassets in Resources */,
			);
			runOnlyForDeploymentPostprocessing = 0;
		};
/* End PBXResourcesBuildPhase section */

/* Begin PBXSourcesBuildPhase section */
		0476100822CA698000DE4982 /* Sources */ = {
			isa = PBXSourcesBuildPhase;
			buildActionMask = 2147483647;
			files = (
				0476103122CA6DDC00DE4982 /* AppLocalization.swift in Sources */,
				0476102722CA6A4D00DE4982 /* AppConfiguration.swift in Sources */,
				0476101022CA698000DE4982 /* AppDelegate.swift in Sources */,
				0476102F22CA6C8700DE4982 /* AppAssets.swift in Sources */,
				0476103522CA6E4700DE4982 /* AppLocalizationManager.swift in Sources */,
				0476103322CA6E2600DE4982 /* Localizable.swift in Sources */,
				0476102922CA6C2100DE4982 /* AppDefaults.swift in Sources */,
			);
			runOnlyForDeploymentPostprocessing = 0;
		};
/* End PBXSourcesBuildPhase section */

/* Begin PBXVariantGroup section */
		0476101822CA698200DE4982 /* LaunchScreen.storyboard */ = {
			isa = PBXVariantGroup;
			children = (
				0476101922CA698200DE4982 /* Base */,
				0476103622CA6F0B00DE4982 /* ru */,
			);
			name = LaunchScreen.storyboard;
			sourceTree = "<group>";
		};
		0476103B22CA6F7B00DE4982 /* Localizable.strings */ = {
			isa = PBXVariantGroup;
			children = (
				0476103A22CA6F7B00DE4982 /* en */,
				0476103C22CA6F8100DE4982 /* ru */,
			);
			name = Localizable.strings;
			sourceTree = "<group>";
		};
/* End PBXVariantGroup section */

/* Begin XCBuildConfiguration section */
		0476101C22CA698200DE4982 /* Debug */ = {
			isa = XCBuildConfiguration;
			buildSettings = {
				ALWAYS_SEARCH_USER_PATHS = NO;
				CLANG_ANALYZER_LOCALIZABILITY_NONLOCALIZED = YES;
				CLANG_ANALYZER_NONNULL = YES;
				CLANG_ANALYZER_NUMBER_OBJECT_CONVERSION = YES_AGGRESSIVE;
				CLANG_CXX_LANGUAGE_STANDARD = "gnu++14";
				CLANG_CXX_LIBRARY = "libc++";
				CLANG_ENABLE_MODULES = YES;
				CLANG_ENABLE_OBJC_ARC = YES;
				CLANG_ENABLE_OBJC_WEAK = YES;
				CLANG_WARN_BLOCK_CAPTURE_AUTORELEASING = YES;
				CLANG_WARN_BOOL_CONVERSION = YES;
				CLANG_WARN_COMMA = YES;
				CLANG_WARN_CONSTANT_CONVERSION = YES;
				CLANG_WARN_DEPRECATED_OBJC_IMPLEMENTATIONS = YES;
				CLANG_WARN_DIRECT_OBJC_ISA_USAGE = YES_ERROR;
				CLANG_WARN_DOCUMENTATION_COMMENTS = YES;
				CLANG_WARN_EMPTY_BODY = YES;
				CLANG_WARN_ENUM_CONVERSION = YES;
				CLANG_WARN_INFINITE_RECURSION = YES;
				CLANG_WARN_INT_CONVERSION = YES;
				CLANG_WARN_NON_LITERAL_NULL_CONVERSION = YES;
				CLANG_WARN_OBJC_IMPLICIT_RETAIN_SELF = YES;
				CLANG_WARN_OBJC_LITERAL_CONVERSION = YES;
				CLANG_WARN_OBJC_ROOT_CLASS = YES_ERROR;
				CLANG_WARN_RANGE_LOOP_ANALYSIS = YES;
				CLANG_WARN_STRICT_PROTOTYPES = YES;
				CLANG_WARN_SUSPICIOUS_MOVE = YES;
				CLANG_WARN_UNGUARDED_AVAILABILITY = YES_AGGRESSIVE;
				CLANG_WARN_UNREACHABLE_CODE = YES;
				CLANG_WARN__DUPLICATE_METHOD_MATCH = YES;
				CODE_SIGN_IDENTITY = "iPhone Developer";
				COPY_PHASE_STRIP = NO;
				DEBUG_INFORMATION_FORMAT = dwarf;
				ENABLE_STRICT_OBJC_MSGSEND = YES;
				ENABLE_TESTABILITY = YES;
				GCC_C_LANGUAGE_STANDARD = gnu11;
				GCC_DYNAMIC_NO_PIC = NO;
				GCC_NO_COMMON_BLOCKS = YES;
				GCC_OPTIMIZATION_LEVEL = 0;
				GCC_PREPROCESSOR_DEFINITIONS = (
					"DEBUG=1",
					"$(inherited)",
				);
				GCC_WARN_64_TO_32_BIT_CONVERSION = YES;
				GCC_WARN_ABOUT_RETURN_TYPE = YES_ERROR;
				GCC_WARN_UNDECLARED_SELECTOR = YES;
				GCC_WARN_UNINITIALIZED_AUTOS = YES_AGGRESSIVE;
				GCC_WARN_UNUSED_FUNCTION = YES;
				GCC_WARN_UNUSED_VARIABLE = YES;
				IPHONEOS_DEPLOYMENT_TARGET = 12.2;
				MTL_ENABLE_DEBUG_INFO = INCLUDE_SOURCE;
				MTL_FAST_MATH = YES;
				ONLY_ACTIVE_ARCH = YES;
				SDKROOT = iphoneos;
				SWIFT_ACTIVE_COMPILATION_CONDITIONS = DEBUG;
				SWIFT_OPTIMIZATION_LEVEL = "-Onone";
			};
			name = Debug;
		};
		0476101D22CA698200DE4982 /* Release */ = {
			isa = XCBuildConfiguration;
			buildSettings = {
				ALWAYS_SEARCH_USER_PATHS = NO;
				CLANG_ANALYZER_LOCALIZABILITY_NONLOCALIZED = YES;
				CLANG_ANALYZER_NONNULL = YES;
				CLANG_ANALYZER_NUMBER_OBJECT_CONVERSION = YES_AGGRESSIVE;
				CLANG_CXX_LANGUAGE_STANDARD = "gnu++14";
				CLANG_CXX_LIBRARY = "libc++";
				CLANG_ENABLE_MODULES = YES;
				CLANG_ENABLE_OBJC_ARC = YES;
				CLANG_ENABLE_OBJC_WEAK = YES;
				CLANG_WARN_BLOCK_CAPTURE_AUTORELEASING = YES;
				CLANG_WARN_BOOL_CONVERSION = YES;
				CLANG_WARN_COMMA = YES;
				CLANG_WARN_CONSTANT_CONVERSION = YES;
				CLANG_WARN_DEPRECATED_OBJC_IMPLEMENTATIONS = YES;
				CLANG_WARN_DIRECT_OBJC_ISA_USAGE = YES_ERROR;
				CLANG_WARN_DOCUMENTATION_COMMENTS = YES;
				CLANG_WARN_EMPTY_BODY = YES;
				CLANG_WARN_ENUM_CONVERSION = YES;
				CLANG_WARN_INFINITE_RECURSION = YES;
				CLANG_WARN_INT_CONVERSION = YES;
				CLANG_WARN_NON_LITERAL_NULL_CONVERSION = YES;
				CLANG_WARN_OBJC_IMPLICIT_RETAIN_SELF = YES;
				CLANG_WARN_OBJC_LITERAL_CONVERSION = YES;
				CLANG_WARN_OBJC_ROOT_CLASS = YES_ERROR;
				CLANG_WARN_RANGE_LOOP_ANALYSIS = YES;
				CLANG_WARN_STRICT_PROTOTYPES = YES;
				CLANG_WARN_SUSPICIOUS_MOVE = YES;
				CLANG_WARN_UNGUARDED_AVAILABILITY = YES_AGGRESSIVE;
				CLANG_WARN_UNREACHABLE_CODE = YES;
				CLANG_WARN__DUPLICATE_METHOD_MATCH = YES;
				CODE_SIGN_IDENTITY = "iPhone Developer";
				COPY_PHASE_STRIP = NO;
				DEBUG_INFORMATION_FORMAT = "dwarf-with-dsym";
				ENABLE_NS_ASSERTIONS = NO;
				ENABLE_STRICT_OBJC_MSGSEND = YES;
				GCC_C_LANGUAGE_STANDARD = gnu11;
				GCC_NO_COMMON_BLOCKS = YES;
				GCC_WARN_64_TO_32_BIT_CONVERSION = YES;
				GCC_WARN_ABOUT_RETURN_TYPE = YES_ERROR;
				GCC_WARN_UNDECLARED_SELECTOR = YES;
				GCC_WARN_UNINITIALIZED_AUTOS = YES_AGGRESSIVE;
				GCC_WARN_UNUSED_FUNCTION = YES;
				GCC_WARN_UNUSED_VARIABLE = YES;
				IPHONEOS_DEPLOYMENT_TARGET = 12.2;
				MTL_ENABLE_DEBUG_INFO = NO;
				MTL_FAST_MATH = YES;
				SDKROOT = iphoneos;
				SWIFT_COMPILATION_MODE = wholemodule;
				SWIFT_OPTIMIZATION_LEVEL = "-O";
				VALIDATE_PRODUCT = YES;
			};
			name = Release;
		};
		0476101F22CA698200DE4982 /* Debug */ = {
			isa = XCBuildConfiguration;
			buildSettings = {
				ASSETCATALOG_COMPILER_APPICON_NAME = AppIcon;
				CODE_SIGN_STYLE = Automatic;
				INFOPLIST_FILE = News/Info.plist;
				LD_RUNPATH_SEARCH_PATHS = (
					"$(inherited)",
					"@executable_path/Frameworks",
				);
				PRODUCT_BUNDLE_IDENTIFIER = markov.vladislav.News;
				PRODUCT_NAME = "$(TARGET_NAME)";
				SWIFT_VERSION = 5.0;
				TARGETED_DEVICE_FAMILY = "1,2";
			};
			name = Debug;
		};
		0476102022CA698200DE4982 /* Release */ = {
			isa = XCBuildConfiguration;
			buildSettings = {
				ASSETCATALOG_COMPILER_APPICON_NAME = AppIcon;
				CODE_SIGN_STYLE = Automatic;
				INFOPLIST_FILE = News/Info.plist;
				LD_RUNPATH_SEARCH_PATHS = (
					"$(inherited)",
					"@executable_path/Frameworks",
				);
				PRODUCT_BUNDLE_IDENTIFIER = markov.vladislav.News;
				PRODUCT_NAME = "$(TARGET_NAME)";
				SWIFT_VERSION = 5.0;
				TARGETED_DEVICE_FAMILY = "1,2";
			};
			name = Release;
		};
/* End XCBuildConfiguration section */

/* Begin XCConfigurationList section */
		0476100722CA698000DE4982 /* Build configuration list for PBXProject "News" */ = {
			isa = XCConfigurationList;
			buildConfigurations = (
				0476101C22CA698200DE4982 /* Debug */,
				0476101D22CA698200DE4982 /* Release */,
			);
			defaultConfigurationIsVisible = 0;
			defaultConfigurationName = Release;
		};
		0476101E22CA698200DE4982 /* Build configuration list for PBXNativeTarget "News" */ = {
			isa = XCConfigurationList;
			buildConfigurations = (
				0476101F22CA698200DE4982 /* Debug */,
				0476102022CA698200DE4982 /* Release */,
			);
			defaultConfigurationIsVisible = 0;
			defaultConfigurationName = Release;
		};
/* End XCConfigurationList section */
	};
	rootObject = 0476100422CA698000DE4982 /* Project object */;
}
